{
    "version": 3,
    "terraform_version": "0.11.14",
    "serial": 4,
    "lineage": "36fbb4f4-3d92-24d1-06ff-3e79679eb430",
    "modules": [
        {
            "path": [
                "root"
            ],
            "outputs": {
                "FW-1-MGMT": {
                    "sensitive": false,
                    "type": "string",
                    "value": "Access the firewall MGMT via:  https://3.131.130.58"
                },
                "FW-2-MGMT": {
                    "sensitive": false,
                    "type": "string",
                    "value": "Access the firewall MGMT via:  https://3.13.237.206"
                },
                "Server-1-1_ngfw1_access": {
                    "sensitive": false,
                    "type": "string",
                    "value": "Access Server 1-1 via FW-1: ssh -i \u003cInsert Key\u003e ubuntu@3.131.127.199 -p 1001"
                },
                "Server-1-1_ngfw2_access": {
                    "sensitive": false,
                    "type": "string",
                    "value": "Access Server 1-1 via FW-2: ssh -i \u003cInsert Key\u003e ubuntu@3.133.186.15 -p 1001"
                },
                "Server-1-2_ngfw1_access": {
                    "sensitive": false,
                    "type": "string",
                    "value": "Access Server 1-2 via FW-1: ssh -i \u003cInsert Key\u003e ubuntu@3.131.127.199 -p 1002"
                },
                "Server-1-2_ngfw2_access": {
                    "sensitive": false,
                    "type": "string",
                    "value": "Access Server 1-2 via FW-2: ssh -i \u003cInsert Key\u003e ubuntu@3.133.186.15 -p 1002"
                },
                "Server-2-1_ngfw1_access": {
                    "sensitive": false,
                    "type": "string",
                    "value": "Access Server 2-1 via FW-1: ssh -i \u003cInsert Key\u003e ubuntu@3.131.127.199 -p 2001"
                },
                "Server-2-1_ngfw2_access": {
                    "sensitive": false,
                    "type": "string",
                    "value": "Access Server 2-1 via FW-2: ssh -i \u003cInsert Key\u003e ubuntu@3.133.186.15 -p 2001"
                },
                "Server-2-2_ngfw1_access": {
                    "sensitive": false,
                    "type": "string",
                    "value": "Access Server 2-2 via FW-1: ssh -i \u003cInsert Key\u003e ubuntu@3.131.127.199 -p 2002"
                },
                "Server-2-2_ngfw2_access": {
                    "sensitive": false,
                    "type": "string",
                    "value": "Access Server 2-2 via FW-2: ssh -i \u003cInsert Key\u003e ubuntu@3.133.186.15 -p 2002"
                }
            },
            "resources": {
                "aws_ec2_transit_gateway.tgw": {
                    "type": "aws_ec2_transit_gateway",
                    "depends_on": [],
                    "primary": {
                        "id": "tgw-0c86a7171d5c55247",
                        "attributes": {
                            "amazon_side_asn": "64512",
                            "arn": "arn:aws:ec2:us-east-2:091098171424:transit-gateway/tgw-0c86a7171d5c55247",
                            "association_default_route_table_id": "",
                            "auto_accept_shared_attachments": "disable",
                            "default_route_table_association": "disable",
                            "default_route_table_propagation": "disable",
                            "description": "Transit Gateway",
                            "dns_support": "enable",
                            "id": "tgw-0c86a7171d5c55247",
                            "owner_id": "091098171424",
                            "propagation_default_route_table_id": "",
                            "tags.%": "1",
                            "tags.Name": "transit_gateway",
                            "vpn_ecmp_support": "enable"
                        },
                        "meta": {},
                        "tainted": false
                    },
                    "deposed": [],
                    "provider": "provider.aws"
                },
                "aws_ec2_transit_gateway_route.default": {
                    "type": "aws_ec2_transit_gateway_route",
                    "depends_on": [
                        "aws_ec2_transit_gateway_route_table.tgw_spokes",
                        "aws_ec2_transit_gateway_vpc_attachment.tgw_security"
                    ],
                    "primary": {
                        "id": "tgw-rtb-026db23a5685b5e37_0.0.0.0/0",
                        "attributes": {
                            "blackhole": "false",
                            "destination_cidr_block": "0.0.0.0/0",
                            "id": "tgw-rtb-026db23a5685b5e37_0.0.0.0/0",
                            "transit_gateway_attachment_id": "tgw-attach-072529b2e8b1fda35",
                            "transit_gateway_route_table_id": "tgw-rtb-026db23a5685b5e37"
                        },
                        "meta": {},
                        "tainted": false
                    },
                    "deposed": [],
                    "provider": "provider.aws"
                },
                "aws_ec2_transit_gateway_route_table.tgw_security": {
                    "type": "aws_ec2_transit_gateway_route_table",
                    "depends_on": [
                        "aws_ec2_transit_gateway.tgw"
                    ],
                    "primary": {
                        "id": "tgw-rtb-007e9aa0004fc95d7",
                        "attributes": {
                            "default_association_route_table": "false",
                            "default_propagation_route_table": "false",
                            "id": "tgw-rtb-007e9aa0004fc95d7",
                            "tags.%": "1",
                            "tags.Name": "tgw-rtb-security",
                            "transit_gateway_id": "tgw-0c86a7171d5c55247"
                        },
                        "meta": {},
                        "tainted": false
                    },
                    "deposed": [],
                    "provider": "provider.aws"
                },
                "aws_ec2_transit_gateway_route_table.tgw_spokes": {
                    "type": "aws_ec2_transit_gateway_route_table",
                    "depends_on": [
                        "aws_ec2_transit_gateway.tgw"
                    ],
                    "primary": {
                        "id": "tgw-rtb-026db23a5685b5e37",
                        "attributes": {
                            "default_association_route_table": "false",
                            "default_propagation_route_table": "false",
                            "id": "tgw-rtb-026db23a5685b5e37",
                            "tags.%": "1",
                            "tags.Name": "tgw-rtb-spokes",
                            "transit_gateway_id": "tgw-0c86a7171d5c55247"
                        },
                        "meta": {},
                        "tainted": false
                    },
                    "deposed": [],
                    "provider": "provider.aws"
                },
                "aws_ec2_transit_gateway_route_table_association.vpc_security": {
                    "type": "aws_ec2_transit_gateway_route_table_association",
                    "depends_on": [
                        "aws_ec2_transit_gateway_route_table.tgw_security",
                        "aws_ec2_transit_gateway_vpc_attachment.tgw_security"
                    ],
                    "primary": {
                        "id": "tgw-rtb-007e9aa0004fc95d7_tgw-attach-072529b2e8b1fda35",
                        "attributes": {
                            "id": "tgw-rtb-007e9aa0004fc95d7_tgw-attach-072529b2e8b1fda35",
                            "resource_id": "vpc-02eaf4a7d56594382",
                            "resource_type": "vpc",
                            "transit_gateway_attachment_id": "tgw-attach-072529b2e8b1fda35",
                            "transit_gateway_route_table_id": "tgw-rtb-007e9aa0004fc95d7"
                        },
                        "meta": {},
                        "tainted": false
                    },
                    "deposed": [],
                    "provider": "provider.aws"
                },
                "aws_ec2_transit_gateway_vpc_attachment.tgw_security": {
                    "type": "aws_ec2_transit_gateway_vpc_attachment",
                    "depends_on": [
                        "aws_ec2_transit_gateway.tgw",
                        "aws_subnet.vpc_security_tgw_1",
                        "aws_subnet.vpc_security_tgw_2",
                        "aws_vpc.vpc_security"
                    ],
                    "primary": {
                        "id": "tgw-attach-072529b2e8b1fda35",
                        "attributes": {
                            "dns_support": "enable",
                            "id": "tgw-attach-072529b2e8b1fda35",
                            "ipv6_support": "disable",
                            "subnet_ids.#": "2",
                            "subnet_ids.2037401733": "subnet-0187025776b39653a",
                            "subnet_ids.4242200990": "subnet-0d5367df121a7b061",
                            "tags.%": "1",
                            "tags.Name": "tgw_attachment_security",
                            "transit_gateway_default_route_table_association": "false",
                            "transit_gateway_default_route_table_propagation": "false",
                            "transit_gateway_id": "tgw-0c86a7171d5c55247",
                            "vpc_id": "vpc-02eaf4a7d56594382",
                            "vpc_owner_id": "091098171424"
                        },
                        "meta": {},
                        "tainted": false
                    },
                    "deposed": [],
                    "provider": "provider.aws"
                },
                "aws_iam_instance_profile.bootstrap_profile": {
                    "type": "aws_iam_instance_profile",
                    "depends_on": [
                        "aws_iam_role.bootstrap_role"
                    ],
                    "primary": {
                        "id": "ngfw_bootstrap_profile",
                        "attributes": {
                            "arn": "arn:aws:iam::091098171424:instance-profile/ngfw_bootstrap_profile",
                            "create_date": "2020-08-25T20:47:09Z",
                            "id": "ngfw_bootstrap_profile",
                            "name": "ngfw_bootstrap_profile",
                            "path": "/",
                            "role": "ngfw_bootstrap_role",
                            "roles.#": "0",
                            "unique_id": "AIPARKNO7ZAQJEACIOSJT"
                        },
                        "meta": {},
                        "tainted": false
                    },
                    "deposed": [],
                    "provider": "provider.aws"
                },
                "aws_iam_instance_profile.bootstrap_profile2": {
                    "type": "aws_iam_instance_profile",
                    "depends_on": [
                        "aws_iam_role.bootstrap_role2"
                    ],
                    "primary": {
                        "id": "ngfw_bootstrap_profile2",
                        "attributes": {
                            "arn": "arn:aws:iam::091098171424:instance-profile/ngfw_bootstrap_profile2",
                            "create_date": "2020-08-25T20:47:09Z",
                            "id": "ngfw_bootstrap_profile2",
                            "name": "ngfw_bootstrap_profile2",
                            "path": "/",
                            "role": "ngfw_bootstrap_role2",
                            "roles.#": "0",
                            "unique_id": "AIPARKNO7ZAQLJS22TG55"
                        },
                        "meta": {},
                        "tainted": false
                    },
                    "deposed": [],
                    "provider": "provider.aws"
                },
                "aws_iam_role.bootstrap_role": {
                    "type": "aws_iam_role",
                    "depends_on": [],
                    "primary": {
                        "id": "ngfw_bootstrap_role",
                        "attributes": {
                            "arn": "arn:aws:iam::091098171424:role/ngfw_bootstrap_role",
                            "assume_role_policy": "{\"Version\":\"2012-10-17\",\"Statement\":[{\"Effect\":\"Allow\",\"Principal\":{\"Service\":\"ec2.amazonaws.com\"},\"Action\":\"sts:AssumeRole\"}]}",
                            "create_date": "2020-08-25T20:47:08Z",
                            "description": "",
                            "force_detach_policies": "false",
                            "id": "ngfw_bootstrap_role",
                            "max_session_duration": "3600",
                            "name": "ngfw_bootstrap_role",
                            "path": "/",
                            "tags.%": "0",
                            "unique_id": "AROARKNO7ZAQH36BXRF7L"
                        },
                        "meta": {},
                        "tainted": false
                    },
                    "deposed": [],
                    "provider": "provider.aws"
                },
                "aws_iam_role.bootstrap_role2": {
                    "type": "aws_iam_role",
                    "depends_on": [],
                    "primary": {
                        "id": "ngfw_bootstrap_role2",
                        "attributes": {
                            "arn": "arn:aws:iam::091098171424:role/ngfw_bootstrap_role2",
                            "assume_role_policy": "{\"Version\":\"2012-10-17\",\"Statement\":[{\"Effect\":\"Allow\",\"Principal\":{\"Service\":\"ec2.amazonaws.com\"},\"Action\":\"sts:AssumeRole\"}]}",
                            "create_date": "2020-08-25T20:47:08Z",
                            "description": "",
                            "force_detach_policies": "false",
                            "id": "ngfw_bootstrap_role2",
                            "max_session_duration": "3600",
                            "name": "ngfw_bootstrap_role2",
                            "path": "/",
                            "tags.%": "0",
                            "unique_id": "AROARKNO7ZAQLRZBZ6SSM"
                        },
                        "meta": {},
                        "tainted": false
                    },
                    "deposed": [],
                    "provider": "provider.aws"
                },
                "aws_iam_role_policy.bootstrap_policy": {
                    "type": "aws_iam_role_policy",
                    "depends_on": [
                        "aws_iam_role.bootstrap_role"
                    ],
                    "primary": {
                        "id": "ngfw_bootstrap_role:ngfw_bootstrap_policy",
                        "attributes": {
                            "id": "ngfw_bootstrap_role:ngfw_bootstrap_policy",
                            "name": "ngfw_bootstrap_policy",
                            "policy": "{\n  \"Version\" : \"2012-10-17\",\n  \"Statement\": [\n    {\n      \"Effect\": \"Allow\",\n      \"Action\": \"s3:ListBucket\",\n      \"Resource\": \"arn:aws:s3:::djs-tgw-bucket-blah\"\n    },\n    {\n    \"Effect\": \"Allow\",\n    \"Action\": \"s3:GetObject\",\n    \"Resource\": \"arn:aws:s3:::djs-tgw-bucket-blah/*\"\n    }\n  ]\n}\n",
                            "role": "ngfw_bootstrap_role"
                        },
                        "meta": {},
                        "tainted": false
                    },
                    "deposed": [],
                    "provider": "provider.aws"
                },
                "aws_iam_role_policy.bootstrap_policy2": {
                    "type": "aws_iam_role_policy",
                    "depends_on": [
                        "aws_iam_role.bootstrap_role2"
                    ],
                    "primary": {
                        "id": "ngfw_bootstrap_role2:ngfw_bootstrap_policy2",
                        "attributes": {
                            "id": "ngfw_bootstrap_role2:ngfw_bootstrap_policy2",
                            "name": "ngfw_bootstrap_policy2",
                            "policy": "{\n  \"Version\" : \"2012-10-17\",\n  \"Statement\": [\n    {\n      \"Effect\": \"Allow\",\n      \"Action\": \"s3:ListBucket\",\n      \"Resource\": \"arn:aws:s3:::djs-tgw-bucket-blah-2\"\n    },\n    {\n    \"Effect\": \"Allow\",\n    \"Action\": \"s3:GetObject\",\n    \"Resource\": \"arn:aws:s3:::djs-tgw-bucket-blah-2/*\"\n    }\n  ]\n}\n",
                            "role": "ngfw_bootstrap_role2"
                        },
                        "meta": {},
                        "tainted": false
                    },
                    "deposed": [],
                    "provider": "provider.aws"
                },
                "aws_internet_gateway.vpc_security_igw": {
                    "type": "aws_internet_gateway",
                    "depends_on": [
                        "aws_vpc.vpc_security"
                    ],
                    "primary": {
                        "id": "igw-020466a16df524133",
                        "attributes": {
                            "arn": "arn:aws:ec2:us-east-2:091098171424:internet-gateway/igw-020466a16df524133",
                            "id": "igw-020466a16df524133",
                            "owner_id": "091098171424",
                            "tags.%": "1",
                            "tags.Name": "vpc_securty_igw",
                            "vpc_id": "vpc-02eaf4a7d56594382"
                        },
                        "meta": {},
                        "tainted": false
                    },
                    "deposed": [],
                    "provider": "provider.aws"
                },
                "aws_route.vpc_security_default": {
                    "type": "aws_route",
                    "depends_on": [
                        "aws_internet_gateway.vpc_security_igw",
                        "aws_vpc.vpc_security"
                    ],
                    "primary": {
                        "id": "r-rtb-04c158fd7516ba3321080289494",
                        "attributes": {
                            "destination_cidr_block": "0.0.0.0/0",
                            "destination_ipv6_cidr_block": "",
                            "destination_prefix_list_id": "",
                            "egress_only_gateway_id": "",
                            "gateway_id": "igw-020466a16df524133",
                            "id": "r-rtb-04c158fd7516ba3321080289494",
                            "instance_id": "",
                            "instance_owner_id": "",
                            "nat_gateway_id": "",
                            "network_interface_id": "",
                            "origin": "CreateRoute",
                            "route_table_id": "rtb-04c158fd7516ba332",
                            "state": "active",
                            "transit_gateway_id": "",
                            "vpc_peering_connection_id": ""
                        },
                        "meta": {
                            "e2bfb730-ecaa-11e6-8f88-34363bc7c4c0": {
                                "create": 120000000000,
                                "delete": 300000000000
                            }
                        },
                        "tainted": false
                    },
                    "deposed": [],
                    "provider": "provider.aws"
                },
                "aws_route.vpc_security_tgw_1_0": {
                    "type": "aws_route",
                    "depends_on": [
                        "aws_route_table.vpc_security_tgw_1",
                        "module.ngfw1"
                    ],
                    "primary": {
                        "id": "r-rtb-0ef286f12a2c06ff51080289494",
                        "attributes": {
                            "destination_cidr_block": "0.0.0.0/0",
                            "destination_ipv6_cidr_block": "",
                            "destination_prefix_list_id": "",
                            "egress_only_gateway_id": "",
                            "gateway_id": "",
                            "id": "r-rtb-0ef286f12a2c06ff51080289494",
                            "instance_id": "",
                            "instance_owner_id": "",
                            "nat_gateway_id": "",
                            "network_interface_id": "eni-0bec383ffc20bb3c1",
                            "origin": "CreateRoute",
                            "route_table_id": "rtb-0ef286f12a2c06ff5",
                            "state": "blackhole",
                            "transit_gateway_id": "",
                            "vpc_peering_connection_id": ""
                        },
                        "meta": {
                            "e2bfb730-ecaa-11e6-8f88-34363bc7c4c0": {
                                "create": 120000000000,
                                "delete": 300000000000
                            }
                        },
                        "tainted": false
                    },
                    "deposed": [],
                    "provider": "provider.aws"
                },
                "aws_route.vpc_security_tgw_1_1": {
                    "type": "aws_route",
                    "depends_on": [
                        "aws_route_table.vpc_security_tgw_1",
                        "module.ngfw1"
                    ],
                    "primary": {
                        "id": "r-rtb-0ef286f12a2c06ff53423270202",
                        "attributes": {
                            "destination_cidr_block": "10.0.0.0/8",
                            "destination_ipv6_cidr_block": "",
                            "destination_prefix_list_id": "",
                            "egress_only_gateway_id": "",
                            "gateway_id": "",
                            "id": "r-rtb-0ef286f12a2c06ff53423270202",
                            "instance_id": "",
                            "instance_owner_id": "",
                            "nat_gateway_id": "",
                            "network_interface_id": "eni-0bec383ffc20bb3c1",
                            "origin": "CreateRoute",
                            "route_table_id": "rtb-0ef286f12a2c06ff5",
                            "state": "blackhole",
                            "transit_gateway_id": "",
                            "vpc_peering_connection_id": ""
                        },
                        "meta": {
                            "e2bfb730-ecaa-11e6-8f88-34363bc7c4c0": {
                                "create": 120000000000,
                                "delete": 300000000000
                            }
                        },
                        "tainted": false
                    },
                    "deposed": [],
                    "provider": "provider.aws"
                },
                "aws_route.vpc_security_tgw_2_0": {
                    "type": "aws_route",
                    "depends_on": [
                        "aws_route_table.vpc_security_tgw_2",
                        "module.ngfw2"
                    ],
                    "primary": {
                        "id": "r-rtb-04c3fdea75eaa598a1080289494",
                        "attributes": {
                            "destination_cidr_block": "0.0.0.0/0",
                            "destination_ipv6_cidr_block": "",
                            "destination_prefix_list_id": "",
                            "egress_only_gateway_id": "",
                            "gateway_id": "",
                            "id": "r-rtb-04c3fdea75eaa598a1080289494",
                            "instance_id": "",
                            "instance_owner_id": "",
                            "nat_gateway_id": "",
                            "network_interface_id": "eni-095130029192c6d6b",
                            "origin": "CreateRoute",
                            "route_table_id": "rtb-04c3fdea75eaa598a",
                            "state": "blackhole",
                            "transit_gateway_id": "",
                            "vpc_peering_connection_id": ""
                        },
                        "meta": {
                            "e2bfb730-ecaa-11e6-8f88-34363bc7c4c0": {
                                "create": 120000000000,
                                "delete": 300000000000
                            }
                        },
                        "tainted": false
                    },
                    "deposed": [],
                    "provider": "provider.aws"
                },
                "aws_route.vpc_security_tgw_2_1": {
                    "type": "aws_route",
                    "depends_on": [
                        "aws_route_table.vpc_security_tgw_2",
                        "module.ngfw2"
                    ],
                    "primary": {
                        "id": "r-rtb-04c3fdea75eaa598a3423270202",
                        "attributes": {
                            "destination_cidr_block": "10.0.0.0/8",
                            "destination_ipv6_cidr_block": "",
                            "destination_prefix_list_id": "",
                            "egress_only_gateway_id": "",
                            "gateway_id": "",
                            "id": "r-rtb-04c3fdea75eaa598a3423270202",
                            "instance_id": "",
                            "instance_owner_id": "",
                            "nat_gateway_id": "",
                            "network_interface_id": "eni-095130029192c6d6b",
                            "origin": "CreateRoute",
                            "route_table_id": "rtb-04c3fdea75eaa598a",
                            "state": "blackhole",
                            "transit_gateway_id": "",
                            "vpc_peering_connection_id": ""
                        },
                        "meta": {
                            "e2bfb730-ecaa-11e6-8f88-34363bc7c4c0": {
                                "create": 120000000000,
                                "delete": 300000000000
                            }
                        },
                        "tainted": false
                    },
                    "deposed": [],
                    "provider": "provider.aws"
                },
                "aws_route.vpc_security_trust_1_0": {
                    "type": "aws_route",
                    "depends_on": [
                        "aws_ec2_transit_gateway.tgw",
                        "aws_route_table.vpc_security_private_1"
                    ],
                    "primary": {
                        "id": "r-rtb-0a42ca6b86642c4b33423270202",
                        "attributes": {
                            "destination_cidr_block": "10.0.0.0/8",
                            "destination_ipv6_cidr_block": "",
                            "destination_prefix_list_id": "",
                            "egress_only_gateway_id": "",
                            "gateway_id": "",
                            "id": "r-rtb-0a42ca6b86642c4b33423270202",
                            "instance_id": "",
                            "instance_owner_id": "",
                            "nat_gateway_id": "",
                            "network_interface_id": "",
                            "origin": "CreateRoute",
                            "route_table_id": "rtb-0a42ca6b86642c4b3",
                            "state": "blackhole",
                            "transit_gateway_id": "tgw-0c86a7171d5c55247",
                            "vpc_peering_connection_id": ""
                        },
                        "meta": {
                            "e2bfb730-ecaa-11e6-8f88-34363bc7c4c0": {
                                "create": 120000000000,
                                "delete": 300000000000
                            }
                        },
                        "tainted": false
                    },
                    "deposed": [],
                    "provider": "provider.aws"
                },
                "aws_route.vpc_security_trust_2_0": {
                    "type": "aws_route",
                    "depends_on": [
                        "aws_ec2_transit_gateway.tgw",
                        "aws_route_table.vpc_security_private_2"
                    ],
                    "primary": {
                        "id": "r-rtb-05ae7722069b64cc63423270202",
                        "attributes": {
                            "destination_cidr_block": "10.0.0.0/8",
                            "destination_ipv6_cidr_block": "",
                            "destination_prefix_list_id": "",
                            "egress_only_gateway_id": "",
                            "gateway_id": "",
                            "id": "r-rtb-05ae7722069b64cc63423270202",
                            "instance_id": "",
                            "instance_owner_id": "",
                            "nat_gateway_id": "",
                            "network_interface_id": "",
                            "origin": "CreateRoute",
                            "route_table_id": "rtb-05ae7722069b64cc6",
                            "state": "blackhole",
                            "transit_gateway_id": "tgw-0c86a7171d5c55247",
                            "vpc_peering_connection_id": ""
                        },
                        "meta": {
                            "e2bfb730-ecaa-11e6-8f88-34363bc7c4c0": {
                                "create": 120000000000,
                                "delete": 300000000000
                            }
                        },
                        "tainted": false
                    },
                    "deposed": [],
                    "provider": "provider.aws"
                },
                "aws_route_table.vpc_security_private_1": {
                    "type": "aws_route_table",
                    "depends_on": [
                        "aws_vpc.vpc_security"
                    ],
                    "primary": {
                        "id": "rtb-0a42ca6b86642c4b3",
                        "attributes": {
                            "id": "rtb-0a42ca6b86642c4b3",
                            "owner_id": "091098171424",
                            "propagating_vgws.#": "0",
                            "route.#": "0",
                            "tags.%": "1",
                            "tags.Name": "private_1",
                            "vpc_id": "vpc-02eaf4a7d56594382"
                        },
                        "meta": {},
                        "tainted": false
                    },
                    "deposed": [],
                    "provider": "provider.aws"
                },
                "aws_route_table.vpc_security_private_2": {
                    "type": "aws_route_table",
                    "depends_on": [
                        "aws_vpc.vpc_security"
                    ],
                    "primary": {
                        "id": "rtb-05ae7722069b64cc6",
                        "attributes": {
                            "id": "rtb-05ae7722069b64cc6",
                            "owner_id": "091098171424",
                            "propagating_vgws.#": "0",
                            "route.#": "0",
                            "tags.%": "1",
                            "tags.Name": "private_2",
                            "vpc_id": "vpc-02eaf4a7d56594382"
                        },
                        "meta": {},
                        "tainted": false
                    },
                    "deposed": [],
                    "provider": "provider.aws"
                },
                "aws_route_table.vpc_security_tgw_1": {
                    "type": "aws_route_table",
                    "depends_on": [
                        "aws_vpc.vpc_security"
                    ],
                    "primary": {
                        "id": "rtb-0ef286f12a2c06ff5",
                        "attributes": {
                            "id": "rtb-0ef286f12a2c06ff5",
                            "owner_id": "091098171424",
                            "propagating_vgws.#": "0",
                            "route.#": "0",
                            "tags.%": "1",
                            "tags.Name": "tgw_1",
                            "vpc_id": "vpc-02eaf4a7d56594382"
                        },
                        "meta": {},
                        "tainted": false
                    },
                    "deposed": [],
                    "provider": "provider.aws"
                },
                "aws_route_table.vpc_security_tgw_2": {
                    "type": "aws_route_table",
                    "depends_on": [
                        "aws_vpc.vpc_security"
                    ],
                    "primary": {
                        "id": "rtb-04c3fdea75eaa598a",
                        "attributes": {
                            "id": "rtb-04c3fdea75eaa598a",
                            "owner_id": "091098171424",
                            "propagating_vgws.#": "0",
                            "route.#": "0",
                            "tags.%": "1",
                            "tags.Name": "tgw_2",
                            "vpc_id": "vpc-02eaf4a7d56594382"
                        },
                        "meta": {},
                        "tainted": false
                    },
                    "deposed": [],
                    "provider": "provider.aws"
                },
                "aws_route_table_association.vpc_security_private_1": {
                    "type": "aws_route_table_association",
                    "depends_on": [
                        "aws_route_table.vpc_security_private_1",
                        "aws_subnet.vpc_security_private_1"
                    ],
                    "primary": {
                        "id": "rtbassoc-01e840de5bc957a5c",
                        "attributes": {
                            "id": "rtbassoc-01e840de5bc957a5c",
                            "route_table_id": "rtb-0a42ca6b86642c4b3",
                            "subnet_id": "subnet-0d2d159fc7fd51037"
                        },
                        "meta": {},
                        "tainted": false
                    },
                    "deposed": [],
                    "provider": "provider.aws"
                },
                "aws_route_table_association.vpc_security_private_2": {
                    "type": "aws_route_table_association",
                    "depends_on": [
                        "aws_route_table.vpc_security_private_2",
                        "aws_subnet.vpc_security_private_2"
                    ],
                    "primary": {
                        "id": "rtbassoc-0b9a6687722fabce1",
                        "attributes": {
                            "id": "rtbassoc-0b9a6687722fabce1",
                            "route_table_id": "rtb-05ae7722069b64cc6",
                            "subnet_id": "subnet-0c5ff6c8f51707766"
                        },
                        "meta": {},
                        "tainted": false
                    },
                    "deposed": [],
                    "provider": "provider.aws"
                },
                "aws_route_table_association.vpc_security_tgw_1": {
                    "type": "aws_route_table_association",
                    "depends_on": [
                        "aws_route_table.vpc_security_tgw_1",
                        "aws_subnet.vpc_security_tgw_1"
                    ],
                    "primary": {
                        "id": "rtbassoc-0f7d46ceebaa43a33",
                        "attributes": {
                            "id": "rtbassoc-0f7d46ceebaa43a33",
                            "route_table_id": "rtb-0ef286f12a2c06ff5",
                            "subnet_id": "subnet-0d5367df121a7b061"
                        },
                        "meta": {},
                        "tainted": false
                    },
                    "deposed": [],
                    "provider": "provider.aws"
                },
                "aws_route_table_association.vpc_security_tgw_2": {
                    "type": "aws_route_table_association",
                    "depends_on": [
                        "aws_route_table.vpc_security_tgw_2",
                        "aws_subnet.vpc_security_tgw_2"
                    ],
                    "primary": {
                        "id": "rtbassoc-0b89fb987c92aa6f8",
                        "attributes": {
                            "id": "rtbassoc-0b89fb987c92aa6f8",
                            "route_table_id": "rtb-04c3fdea75eaa598a",
                            "subnet_id": "subnet-0187025776b39653a"
                        },
                        "meta": {},
                        "tainted": false
                    },
                    "deposed": [],
                    "provider": "provider.aws"
                },
                "aws_s3_bucket.bootstrap_bucket": {
                    "type": "aws_s3_bucket",
                    "depends_on": [],
                    "primary": {
                        "id": "djs-tgw-bucket-blah",
                        "attributes": {
                            "acceleration_status": "",
                            "acl": "private",
                            "arn": "arn:aws:s3:::djs-tgw-bucket-blah",
                            "bucket": "djs-tgw-bucket-blah",
                            "bucket_domain_name": "djs-tgw-bucket-blah.s3.amazonaws.com",
                            "bucket_regional_domain_name": "djs-tgw-bucket-blah.s3.us-east-2.amazonaws.com",
                            "cors_rule.#": "0",
                            "force_destroy": "true",
                            "grant.#": "0",
                            "hosted_zone_id": "Z2O1EMRO9K5GLX",
                            "id": "djs-tgw-bucket-blah",
                            "lifecycle_rule.#": "0",
                            "logging.#": "0",
                            "object_lock_configuration.#": "0",
                            "region": "us-east-2",
                            "replication_configuration.#": "0",
                            "request_payer": "BucketOwner",
                            "server_side_encryption_configuration.#": "0",
                            "tags.%": "1",
                            "tags.Name": "bootstrap_bucket",
                            "versioning.#": "1",
                            "versioning.0.enabled": "false",
                            "versioning.0.mfa_delete": "false",
                            "website.#": "0"
                        },
                        "meta": {},
                        "tainted": false
                    },
                    "deposed": [],
                    "provider": "provider.aws"
                },
                "aws_s3_bucket.bootstrap_bucket2": {
                    "type": "aws_s3_bucket",
                    "depends_on": [],
                    "primary": {
                        "id": "djs-tgw-bucket-blah-2",
                        "attributes": {
                            "acceleration_status": "",
                            "acl": "private",
                            "arn": "arn:aws:s3:::djs-tgw-bucket-blah-2",
                            "bucket": "djs-tgw-bucket-blah-2",
                            "bucket_domain_name": "djs-tgw-bucket-blah-2.s3.amazonaws.com",
                            "bucket_regional_domain_name": "djs-tgw-bucket-blah-2.s3.us-east-2.amazonaws.com",
                            "cors_rule.#": "0",
                            "force_destroy": "true",
                            "grant.#": "0",
                            "hosted_zone_id": "Z2O1EMRO9K5GLX",
                            "id": "djs-tgw-bucket-blah-2",
                            "lifecycle_rule.#": "0",
                            "logging.#": "0",
                            "object_lock_configuration.#": "0",
                            "region": "us-east-2",
                            "replication_configuration.#": "0",
                            "request_payer": "BucketOwner",
                            "server_side_encryption_configuration.#": "0",
                            "tags.%": "1",
                            "tags.Name": "bootstrap_bucket2",
                            "versioning.#": "1",
                            "versioning.0.enabled": "false",
                            "versioning.0.mfa_delete": "false",
                            "website.#": "0"
                        },
                        "meta": {},
                        "tainted": false
                    },
                    "deposed": [],
                    "provider": "provider.aws"
                },
                "aws_s3_bucket_object.bootstrap_xml": {
                    "type": "aws_s3_bucket_object",
                    "depends_on": [
                        "aws_s3_bucket.bootstrap_bucket"
                    ],
                    "primary": {
                        "id": "config/bootstrap.xml",
                        "attributes": {
                            "acl": "private",
                            "bucket": "djs-tgw-bucket-blah",
                            "cache_control": "",
                            "content_disposition": "",
                            "content_encoding": "",
                            "content_language": "",
                            "content_type": "binary/octet-stream",
                            "etag": "3941a1f903bb40f1b9001b9c2785cae7",
                            "force_destroy": "false",
                            "id": "config/bootstrap.xml",
                            "key": "config/bootstrap.xml",
                            "metadata.%": "0",
                            "object_lock_legal_hold_status": "",
                            "object_lock_mode": "",
                            "object_lock_retain_until_date": "",
                            "server_side_encryption": "",
                            "source": "bootstrap_files/bootstrap.xml",
                            "storage_class": "STANDARD",
                            "tags.%": "0",
                            "version_id": "",
                            "website_redirect": ""
                        },
                        "meta": {},
                        "tainted": false
                    },
                    "deposed": [],
                    "provider": "provider.aws"
                },
                "aws_s3_bucket_object.bootstrap_xml2": {
                    "type": "aws_s3_bucket_object",
                    "depends_on": [
                        "aws_s3_bucket.bootstrap_bucket2"
                    ],
                    "primary": {
                        "id": "config/bootstrap.xml",
                        "attributes": {
                            "acl": "private",
                            "bucket": "djs-tgw-bucket-blah-2",
                            "cache_control": "",
                            "content_disposition": "",
                            "content_encoding": "",
                            "content_language": "",
                            "content_type": "binary/octet-stream",
                            "etag": "491ddae28b69615c59456af63ada14e2",
                            "force_destroy": "false",
                            "id": "config/bootstrap.xml",
                            "key": "config/bootstrap.xml",
                            "metadata.%": "0",
                            "object_lock_legal_hold_status": "",
                            "object_lock_mode": "",
                            "object_lock_retain_until_date": "",
                            "server_side_encryption": "",
                            "source": "bootstrap_files2/bootstrap.xml",
                            "storage_class": "STANDARD",
                            "tags.%": "0",
                            "version_id": "",
                            "website_redirect": ""
                        },
                        "meta": {},
                        "tainted": false
                    },
                    "deposed": [],
                    "provider": "provider.aws"
                },
                "aws_s3_bucket_object.content": {
                    "type": "aws_s3_bucket_object",
                    "depends_on": [
                        "aws_s3_bucket.bootstrap_bucket"
                    ],
                    "primary": {
                        "id": "content/",
                        "attributes": {
                            "acl": "private",
                            "bucket": "djs-tgw-bucket-blah",
                            "cache_control": "",
                            "content_disposition": "",
                            "content_encoding": "",
                            "content_language": "",
                            "content_type": "binary/octet-stream",
                            "etag": "d41d8cd98f00b204e9800998ecf8427e",
                            "force_destroy": "false",
                            "id": "content/",
                            "key": "content/",
                            "metadata.%": "0",
                            "object_lock_legal_hold_status": "",
                            "object_lock_mode": "",
                            "object_lock_retain_until_date": "",
                            "server_side_encryption": "",
                            "source": "/dev/null",
                            "storage_class": "STANDARD",
                            "tags.%": "0",
                            "version_id": "",
                            "website_redirect": ""
                        },
                        "meta": {},
                        "tainted": false
                    },
                    "deposed": [],
                    "provider": "provider.aws"
                },
                "aws_s3_bucket_object.content2": {
                    "type": "aws_s3_bucket_object",
                    "depends_on": [
                        "aws_s3_bucket.bootstrap_bucket2"
                    ],
                    "primary": {
                        "id": "content/",
                        "attributes": {
                            "acl": "private",
                            "bucket": "djs-tgw-bucket-blah-2",
                            "cache_control": "",
                            "content_disposition": "",
                            "content_encoding": "",
                            "content_language": "",
                            "content_type": "binary/octet-stream",
                            "etag": "d41d8cd98f00b204e9800998ecf8427e",
                            "force_destroy": "false",
                            "id": "content/",
                            "key": "content/",
                            "metadata.%": "0",
                            "object_lock_legal_hold_status": "",
                            "object_lock_mode": "",
                            "object_lock_retain_until_date": "",
                            "server_side_encryption": "",
                            "source": "/dev/null",
                            "storage_class": "STANDARD",
                            "tags.%": "0",
                            "version_id": "",
                            "website_redirect": ""
                        },
                        "meta": {},
                        "tainted": false
                    },
                    "deposed": [],
                    "provider": "provider.aws"
                },
                "aws_s3_bucket_object.init-cft_txt": {
                    "type": "aws_s3_bucket_object",
                    "depends_on": [
                        "aws_s3_bucket.bootstrap_bucket"
                    ],
                    "primary": {
                        "id": "config/init-cfg.txt",
                        "attributes": {
                            "acl": "private",
                            "bucket": "djs-tgw-bucket-blah",
                            "cache_control": "",
                            "content_disposition": "",
                            "content_encoding": "",
                            "content_language": "",
                            "content_type": "binary/octet-stream",
                            "etag": "d6db8cad039f713ee3b9a01e1e4fe0af",
                            "force_destroy": "false",
                            "id": "config/init-cfg.txt",
                            "key": "config/init-cfg.txt",
                            "metadata.%": "0",
                            "object_lock_legal_hold_status": "",
                            "object_lock_mode": "",
                            "object_lock_retain_until_date": "",
                            "server_side_encryption": "",
                            "source": "bootstrap_files/init-cfg.txt",
                            "storage_class": "STANDARD",
                            "tags.%": "0",
                            "version_id": "",
                            "website_redirect": ""
                        },
                        "meta": {},
                        "tainted": false
                    },
                    "deposed": [],
                    "provider": "provider.aws"
                },
                "aws_s3_bucket_object.init-cft_txt2": {
                    "type": "aws_s3_bucket_object",
                    "depends_on": [
                        "aws_s3_bucket.bootstrap_bucket2"
                    ],
                    "primary": {
                        "id": "config/init-cfg.txt",
                        "attributes": {
                            "acl": "private",
                            "bucket": "djs-tgw-bucket-blah-2",
                            "cache_control": "",
                            "content_disposition": "",
                            "content_encoding": "",
                            "content_language": "",
                            "content_type": "binary/octet-stream",
                            "etag": "d366c4699ec6f9764c14e1ba171421c4",
                            "force_destroy": "false",
                            "id": "config/init-cfg.txt",
                            "key": "config/init-cfg.txt",
                            "metadata.%": "0",
                            "object_lock_legal_hold_status": "",
                            "object_lock_mode": "",
                            "object_lock_retain_until_date": "",
                            "server_side_encryption": "",
                            "source": "bootstrap_files2/init-cfg.txt",
                            "storage_class": "STANDARD",
                            "tags.%": "0",
                            "version_id": "",
                            "website_redirect": ""
                        },
                        "meta": {},
                        "tainted": false
                    },
                    "deposed": [],
                    "provider": "provider.aws"
                },
                "aws_s3_bucket_object.license": {
                    "type": "aws_s3_bucket_object",
                    "depends_on": [
                        "aws_s3_bucket.bootstrap_bucket"
                    ],
                    "primary": {
                        "id": "license/authcodes",
                        "attributes": {
                            "acl": "private",
                            "bucket": "djs-tgw-bucket-blah",
                            "cache_control": "",
                            "content_disposition": "",
                            "content_encoding": "",
                            "content_language": "",
                            "content_type": "binary/octet-stream",
                            "etag": "68b329da9893e34099c7d8ad5cb9c940",
                            "force_destroy": "false",
                            "id": "license/authcodes",
                            "key": "license/authcodes",
                            "metadata.%": "0",
                            "object_lock_legal_hold_status": "",
                            "object_lock_mode": "",
                            "object_lock_retain_until_date": "",
                            "server_side_encryption": "",
                            "source": "bootstrap_files/authcodes",
                            "storage_class": "STANDARD",
                            "tags.%": "0",
                            "version_id": "",
                            "website_redirect": ""
                        },
                        "meta": {},
                        "tainted": false
                    },
                    "deposed": [],
                    "provider": "provider.aws"
                },
                "aws_s3_bucket_object.license2": {
                    "type": "aws_s3_bucket_object",
                    "depends_on": [
                        "aws_s3_bucket.bootstrap_bucket2"
                    ],
                    "primary": {
                        "id": "license/authcodes",
                        "attributes": {
                            "acl": "private",
                            "bucket": "djs-tgw-bucket-blah-2",
                            "cache_control": "",
                            "content_disposition": "",
                            "content_encoding": "",
                            "content_language": "",
                            "content_type": "binary/octet-stream",
                            "etag": "68b329da9893e34099c7d8ad5cb9c940",
                            "force_destroy": "false",
                            "id": "license/authcodes",
                            "key": "license/authcodes",
                            "metadata.%": "0",
                            "object_lock_legal_hold_status": "",
                            "object_lock_mode": "",
                            "object_lock_retain_until_date": "",
                            "server_side_encryption": "",
                            "source": "bootstrap_files2/authcodes",
                            "storage_class": "STANDARD",
                            "tags.%": "0",
                            "version_id": "",
                            "website_redirect": ""
                        },
                        "meta": {},
                        "tainted": false
                    },
                    "deposed": [],
                    "provider": "provider.aws"
                },
                "aws_s3_bucket_object.software": {
                    "type": "aws_s3_bucket_object",
                    "depends_on": [
                        "aws_s3_bucket.bootstrap_bucket"
                    ],
                    "primary": {
                        "id": "software/",
                        "attributes": {
                            "acl": "private",
                            "bucket": "djs-tgw-bucket-blah",
                            "cache_control": "",
                            "content_disposition": "",
                            "content_encoding": "",
                            "content_language": "",
                            "content_type": "binary/octet-stream",
                            "etag": "d41d8cd98f00b204e9800998ecf8427e",
                            "force_destroy": "false",
                            "id": "software/",
                            "key": "software/",
                            "metadata.%": "0",
                            "object_lock_legal_hold_status": "",
                            "object_lock_mode": "",
                            "object_lock_retain_until_date": "",
                            "server_side_encryption": "",
                            "source": "/dev/null",
                            "storage_class": "STANDARD",
                            "tags.%": "0",
                            "version_id": "",
                            "website_redirect": ""
                        },
                        "meta": {},
                        "tainted": false
                    },
                    "deposed": [],
                    "provider": "provider.aws"
                },
                "aws_s3_bucket_object.software2": {
                    "type": "aws_s3_bucket_object",
                    "depends_on": [
                        "aws_s3_bucket.bootstrap_bucket2"
                    ],
                    "primary": {
                        "id": "software/",
                        "attributes": {
                            "acl": "private",
                            "bucket": "djs-tgw-bucket-blah-2",
                            "cache_control": "",
                            "content_disposition": "",
                            "content_encoding": "",
                            "content_language": "",
                            "content_type": "binary/octet-stream",
                            "etag": "d41d8cd98f00b204e9800998ecf8427e",
                            "force_destroy": "false",
                            "id": "software/",
                            "key": "software/",
                            "metadata.%": "0",
                            "object_lock_legal_hold_status": "",
                            "object_lock_mode": "",
                            "object_lock_retain_until_date": "",
                            "server_side_encryption": "",
                            "source": "/dev/null",
                            "storage_class": "STANDARD",
                            "tags.%": "0",
                            "version_id": "",
                            "website_redirect": ""
                        },
                        "meta": {},
                        "tainted": false
                    },
                    "deposed": [],
                    "provider": "provider.aws"
                },
                "aws_security_group.allow_all": {
                    "type": "aws_security_group",
                    "depends_on": [
                        "aws_vpc.vpc_security"
                    ],
                    "primary": {
                        "id": "sg-0902d5c42cef06b8e",
                        "attributes": {
                            "arn": "arn:aws:ec2:us-east-2:091098171424:security-group/sg-0902d5c42cef06b8e",
                            "description": "Allow all inbound traffic",
                            "egress.#": "0",
                            "id": "sg-0902d5c42cef06b8e",
                            "ingress.#": "0",
                            "name": "allow_all",
                            "owner_id": "091098171424",
                            "revoke_rules_on_delete": "false",
                            "tags.%": "0",
                            "vpc_id": "vpc-02eaf4a7d56594382"
                        },
                        "meta": {
                            "e2bfb730-ecaa-11e6-8f88-34363bc7c4c0": {
                                "create": 600000000000,
                                "delete": 600000000000
                            },
                            "schema_version": "1"
                        },
                        "tainted": false
                    },
                    "deposed": [],
                    "provider": "provider.aws"
                },
                "aws_security_group.allow_https_ssh": {
                    "type": "aws_security_group",
                    "depends_on": [
                        "aws_vpc.vpc_security"
                    ],
                    "primary": {
                        "id": "sg-01396021fbf799f94",
                        "attributes": {
                            "arn": "arn:aws:ec2:us-east-2:091098171424:security-group/sg-01396021fbf799f94",
                            "description": "Allow HTTPS and SSH inbound traffic",
                            "egress.#": "0",
                            "id": "sg-01396021fbf799f94",
                            "ingress.#": "0",
                            "name": "allow_https_ssh",
                            "owner_id": "091098171424",
                            "revoke_rules_on_delete": "false",
                            "tags.%": "0",
                            "vpc_id": "vpc-02eaf4a7d56594382"
                        },
                        "meta": {
                            "e2bfb730-ecaa-11e6-8f88-34363bc7c4c0": {
                                "create": 600000000000,
                                "delete": 600000000000
                            },
                            "schema_version": "1"
                        },
                        "tainted": false
                    },
                    "deposed": [],
                    "provider": "provider.aws"
                },
                "aws_security_group_rule.allow_all": {
                    "type": "aws_security_group_rule",
                    "depends_on": [
                        "aws_security_group.allow_https_ssh"
                    ],
                    "primary": {
                        "id": "sgrule-55998299",
                        "attributes": {
                            "cidr_blocks.#": "1",
                            "cidr_blocks.0": "0.0.0.0/0",
                            "from_port": "0",
                            "id": "sgrule-55998299",
                            "protocol": "-1",
                            "security_group_id": "sg-01396021fbf799f94",
                            "self": "false",
                            "to_port": "0",
                            "type": "egress"
                        },
                        "meta": {
                            "schema_version": "2"
                        },
                        "tainted": false
                    },
                    "deposed": [],
                    "provider": "provider.aws"
                },
                "aws_security_group_rule.allow_all_egress": {
                    "type": "aws_security_group_rule",
                    "depends_on": [
                        "aws_security_group.allow_all"
                    ],
                    "primary": {
                        "id": "sgrule-4260214105",
                        "attributes": {
                            "cidr_blocks.#": "1",
                            "cidr_blocks.0": "0.0.0.0/0",
                            "from_port": "0",
                            "id": "sgrule-4260214105",
                            "protocol": "-1",
                            "security_group_id": "sg-0902d5c42cef06b8e",
                            "self": "false",
                            "to_port": "0",
                            "type": "egress"
                        },
                        "meta": {
                            "schema_version": "2"
                        },
                        "tainted": false
                    },
                    "deposed": [],
                    "provider": "provider.aws"
                },
                "aws_security_group_rule.allow_all_ingress": {
                    "type": "aws_security_group_rule",
                    "depends_on": [
                        "aws_security_group.allow_all"
                    ],
                    "primary": {
                        "id": "sgrule-2420647857",
                        "attributes": {
                            "cidr_blocks.#": "1",
                            "cidr_blocks.0": "0.0.0.0/0",
                            "from_port": "0",
                            "id": "sgrule-2420647857",
                            "protocol": "-1",
                            "security_group_id": "sg-0902d5c42cef06b8e",
                            "self": "false",
                            "to_port": "0",
                            "type": "ingress"
                        },
                        "meta": {
                            "schema_version": "2"
                        },
                        "tainted": false
                    },
                    "deposed": [],
                    "provider": "provider.aws"
                },
                "aws_security_group_rule.allow_https_ingress": {
                    "type": "aws_security_group_rule",
                    "depends_on": [
                        "aws_security_group.allow_https_ssh"
                    ],
                    "primary": {
                        "id": "sgrule-2629288191",
                        "attributes": {
                            "cidr_blocks.#": "1",
                            "cidr_blocks.0": "0.0.0.0/0",
                            "from_port": "443",
                            "id": "sgrule-2629288191",
                            "protocol": "tcp",
                            "security_group_id": "sg-01396021fbf799f94",
                            "self": "false",
                            "to_port": "443",
                            "type": "ingress"
                        },
                        "meta": {
                            "schema_version": "2"
                        },
                        "tainted": false
                    },
                    "deposed": [],
                    "provider": "provider.aws"
                },
                "aws_security_group_rule.allow_ssh_ingress": {
                    "type": "aws_security_group_rule",
                    "depends_on": [
                        "aws_security_group.allow_https_ssh"
                    ],
                    "primary": {
                        "id": "sgrule-4055730561",
                        "attributes": {
                            "cidr_blocks.#": "1",
                            "cidr_blocks.0": "0.0.0.0/0",
                            "from_port": "22",
                            "id": "sgrule-4055730561",
                            "protocol": "tcp",
                            "security_group_id": "sg-01396021fbf799f94",
                            "self": "false",
                            "to_port": "22",
                            "type": "ingress"
                        },
                        "meta": {
                            "schema_version": "2"
                        },
                        "tainted": false
                    },
                    "deposed": [],
                    "provider": "provider.aws"
                },
                "aws_subnet.vpc_security_private_1": {
                    "type": "aws_subnet",
                    "depends_on": [
                        "aws_vpc.vpc_security",
                        "data.aws_availability_zones.available"
                    ],
                    "primary": {
                        "id": "subnet-0d2d159fc7fd51037",
                        "attributes": {
                            "arn": "arn:aws:ec2:us-east-2:091098171424:subnet/subnet-0d2d159fc7fd51037",
                            "assign_ipv6_address_on_creation": "false",
                            "availability_zone": "us-east-2a",
                            "availability_zone_id": "use2-az1",
                            "cidr_block": "192.168.101.0/24",
                            "id": "subnet-0d2d159fc7fd51037",
                            "ipv6_cidr_block": "",
                            "ipv6_cidr_block_association_id": "",
                            "map_public_ip_on_launch": "false",
                            "outpost_arn": "",
                            "owner_id": "091098171424",
                            "tags.%": "1",
                            "tags.Name": "vpc_security_private_1",
                            "vpc_id": "vpc-02eaf4a7d56594382"
                        },
                        "meta": {
                            "e2bfb730-ecaa-11e6-8f88-34363bc7c4c0": {
                                "create": 600000000000,
                                "delete": 1200000000000
                            },
                            "schema_version": "1"
                        },
                        "tainted": false
                    },
                    "deposed": [],
                    "provider": "provider.aws"
                },
                "aws_subnet.vpc_security_private_2": {
                    "type": "aws_subnet",
                    "depends_on": [
                        "aws_vpc.vpc_security",
                        "data.aws_availability_zones.available"
                    ],
                    "primary": {
                        "id": "subnet-0c5ff6c8f51707766",
                        "attributes": {
                            "arn": "arn:aws:ec2:us-east-2:091098171424:subnet/subnet-0c5ff6c8f51707766",
                            "assign_ipv6_address_on_creation": "false",
                            "availability_zone": "us-east-2b",
                            "availability_zone_id": "use2-az2",
                            "cidr_block": "192.168.102.0/24",
                            "id": "subnet-0c5ff6c8f51707766",
                            "ipv6_cidr_block": "",
                            "ipv6_cidr_block_association_id": "",
                            "map_public_ip_on_launch": "false",
                            "outpost_arn": "",
                            "owner_id": "091098171424",
                            "tags.%": "1",
                            "tags.Name": "vpc_security_private_2",
                            "vpc_id": "vpc-02eaf4a7d56594382"
                        },
                        "meta": {
                            "e2bfb730-ecaa-11e6-8f88-34363bc7c4c0": {
                                "create": 600000000000,
                                "delete": 1200000000000
                            },
                            "schema_version": "1"
                        },
                        "tainted": false
                    },
                    "deposed": [],
                    "provider": "provider.aws"
                },
                "aws_subnet.vpc_security_public_1": {
                    "type": "aws_subnet",
                    "depends_on": [
                        "aws_vpc.vpc_security",
                        "data.aws_availability_zones.available"
                    ],
                    "primary": {
                        "id": "subnet-035c342324f7ec61e",
                        "attributes": {
                            "arn": "arn:aws:ec2:us-east-2:091098171424:subnet/subnet-035c342324f7ec61e",
                            "assign_ipv6_address_on_creation": "false",
                            "availability_zone": "us-east-2a",
                            "availability_zone_id": "use2-az1",
                            "cidr_block": "192.168.1.0/24",
                            "id": "subnet-035c342324f7ec61e",
                            "ipv6_cidr_block": "",
                            "ipv6_cidr_block_association_id": "",
                            "map_public_ip_on_launch": "false",
                            "outpost_arn": "",
                            "owner_id": "091098171424",
                            "tags.%": "1",
                            "tags.Name": "vpc_security_public_1",
                            "vpc_id": "vpc-02eaf4a7d56594382"
                        },
                        "meta": {
                            "e2bfb730-ecaa-11e6-8f88-34363bc7c4c0": {
                                "create": 600000000000,
                                "delete": 1200000000000
                            },
                            "schema_version": "1"
                        },
                        "tainted": false
                    },
                    "deposed": [],
                    "provider": "provider.aws"
                },
                "aws_subnet.vpc_security_public_2": {
                    "type": "aws_subnet",
                    "depends_on": [
                        "aws_vpc.vpc_security",
                        "data.aws_availability_zones.available"
                    ],
                    "primary": {
                        "id": "subnet-0886b4c31ce5cd062",
                        "attributes": {
                            "arn": "arn:aws:ec2:us-east-2:091098171424:subnet/subnet-0886b4c31ce5cd062",
                            "assign_ipv6_address_on_creation": "false",
                            "availability_zone": "us-east-2b",
                            "availability_zone_id": "use2-az2",
                            "cidr_block": "192.168.2.0/24",
                            "id": "subnet-0886b4c31ce5cd062",
                            "ipv6_cidr_block": "",
                            "ipv6_cidr_block_association_id": "",
                            "map_public_ip_on_launch": "false",
                            "outpost_arn": "",
                            "owner_id": "091098171424",
                            "tags.%": "1",
                            "tags.Name": "vpc_security_public_2",
                            "vpc_id": "vpc-02eaf4a7d56594382"
                        },
                        "meta": {
                            "e2bfb730-ecaa-11e6-8f88-34363bc7c4c0": {
                                "create": 600000000000,
                                "delete": 1200000000000
                            },
                            "schema_version": "1"
                        },
                        "tainted": false
                    },
                    "deposed": [],
                    "provider": "provider.aws"
                },
                "aws_subnet.vpc_security_tgw_1": {
                    "type": "aws_subnet",
                    "depends_on": [
                        "aws_vpc.vpc_security",
                        "data.aws_availability_zones.available"
                    ],
                    "primary": {
                        "id": "subnet-0d5367df121a7b061",
                        "attributes": {
                            "arn": "arn:aws:ec2:us-east-2:091098171424:subnet/subnet-0d5367df121a7b061",
                            "assign_ipv6_address_on_creation": "false",
                            "availability_zone": "us-east-2a",
                            "availability_zone_id": "use2-az1",
                            "cidr_block": "192.168.11.0/24",
                            "id": "subnet-0d5367df121a7b061",
                            "ipv6_cidr_block": "",
                            "ipv6_cidr_block_association_id": "",
                            "map_public_ip_on_launch": "false",
                            "outpost_arn": "",
                            "owner_id": "091098171424",
                            "tags.%": "1",
                            "tags.Name": "vpc_security_tgw_1",
                            "vpc_id": "vpc-02eaf4a7d56594382"
                        },
                        "meta": {
                            "e2bfb730-ecaa-11e6-8f88-34363bc7c4c0": {
                                "create": 600000000000,
                                "delete": 1200000000000
                            },
                            "schema_version": "1"
                        },
                        "tainted": false
                    },
                    "deposed": [],
                    "provider": "provider.aws"
                },
                "aws_subnet.vpc_security_tgw_2": {
                    "type": "aws_subnet",
                    "depends_on": [
                        "aws_vpc.vpc_security",
                        "data.aws_availability_zones.available"
                    ],
                    "primary": {
                        "id": "subnet-0187025776b39653a",
                        "attributes": {
                            "arn": "arn:aws:ec2:us-east-2:091098171424:subnet/subnet-0187025776b39653a",
                            "assign_ipv6_address_on_creation": "false",
                            "availability_zone": "us-east-2b",
                            "availability_zone_id": "use2-az2",
                            "cidr_block": "192.168.21.0/24",
                            "id": "subnet-0187025776b39653a",
                            "ipv6_cidr_block": "",
                            "ipv6_cidr_block_association_id": "",
                            "map_public_ip_on_launch": "false",
                            "outpost_arn": "",
                            "owner_id": "091098171424",
                            "tags.%": "1",
                            "tags.Name": "vpc_security_tgw_2",
                            "vpc_id": "vpc-02eaf4a7d56594382"
                        },
                        "meta": {
                            "e2bfb730-ecaa-11e6-8f88-34363bc7c4c0": {
                                "create": 600000000000,
                                "delete": 1200000000000
                            },
                            "schema_version": "1"
                        },
                        "tainted": false
                    },
                    "deposed": [],
                    "provider": "provider.aws"
                },
                "aws_vpc.vpc_security": {
                    "type": "aws_vpc",
                    "depends_on": [],
                    "primary": {
                        "id": "vpc-02eaf4a7d56594382",
                        "attributes": {
                            "arn": "arn:aws:ec2:us-east-2:091098171424:vpc/vpc-02eaf4a7d56594382",
                            "assign_generated_ipv6_cidr_block": "false",
                            "cidr_block": "192.168.0.0/16",
                            "default_network_acl_id": "acl-0e99fb70c730f3425",
                            "default_route_table_id": "rtb-04c158fd7516ba332",
                            "default_security_group_id": "sg-058e4f4dcf3652744",
                            "dhcp_options_id": "dopt-6e996b07",
                            "enable_dns_hostnames": "false",
                            "enable_dns_support": "true",
                            "id": "vpc-02eaf4a7d56594382",
                            "instance_tenancy": "default",
                            "ipv6_association_id": "",
                            "ipv6_cidr_block": "",
                            "main_route_table_id": "rtb-04c158fd7516ba332",
                            "owner_id": "091098171424",
                            "tags.%": "1",
                            "tags.Name": "vpc_security"
                        },
                        "meta": {
                            "schema_version": "1"
                        },
                        "tainted": false
                    },
                    "deposed": [],
                    "provider": "provider.aws"
                },
                "data.aws_availability_zones.available": {
                    "type": "aws_availability_zones",
                    "depends_on": [],
                    "primary": {
                        "id": "2020-08-25 20:47:05.061006 +0000 UTC",
                        "attributes": {
                            "group_names.#": "1",
                            "group_names.1951454386": "us-east-2",
                            "id": "2020-08-25 20:47:05.061006 +0000 UTC",
                            "names.#": "3",
                            "names.0": "us-east-2a",
                            "names.1": "us-east-2b",
                            "names.2": "us-east-2c",
                            "zone_ids.#": "3",
                            "zone_ids.0": "use2-az1",
                            "zone_ids.1": "use2-az2",
                            "zone_ids.2": "use2-az3"
                        },
                        "meta": {},
                        "tainted": false
                    },
                    "deposed": [],
                    "provider": "provider.aws"
                }
            },
            "depends_on": []
        },
        {
            "path": [
                "root",
                "ngfw1"
            ],
            "outputs": {
                "eip_mgmt": {
                    "sensitive": false,
                    "type": "string",
                    "value": "3.131.130.58"
                },
                "eip_untrust": {
                    "sensitive": false,
                    "type": "string",
                    "value": "3.131.127.199"
                },
                "eni-trust": {
                    "sensitive": false,
                    "type": "string",
                    "value": "eni-0bec383ffc20bb3c1"
                }
            },
            "resources": {
                "aws_eip.eip-management": {
                    "type": "aws_eip",
                    "depends_on": [
                        "aws_network_interface.eni-management"
                    ],
                    "primary": {
                        "id": "eipalloc-06b725bdf63a9d243",
                        "attributes": {
                            "association_id": "eipassoc-039eb990f53f5dab8",
                            "customer_owned_ip": "",
                            "customer_owned_ipv4_pool": "",
                            "domain": "vpc",
                            "id": "eipalloc-06b725bdf63a9d243",
                            "instance": "",
                            "network_interface": "eni-0d124525485ce82e4",
                            "private_dns": "ip-192-168-1-63.us-east-2.compute.internal",
                            "private_ip": "192.168.1.63",
                            "public_dns": "ec2-3-131-130-58.us-east-2.compute.amazonaws.com",
                            "public_ip": "3.131.130.58",
                            "public_ipv4_pool": "amazon",
                            "tags.%": "1",
                            "tags.Name": "eip_ngfw1_management",
                            "vpc": "true"
                        },
                        "meta": {
                            "e2bfb730-ecaa-11e6-8f88-34363bc7c4c0": {
                                "delete": 180000000000,
                                "read": 900000000000,
                                "update": 300000000000
                            }
                        },
                        "tainted": false
                    },
                    "deposed": [],
                    "provider": "provider.aws"
                },
                "aws_eip.eip-untrust": {
                    "type": "aws_eip",
                    "depends_on": [
                        "aws_network_interface.eni-untrust"
                    ],
                    "primary": {
                        "id": "eipalloc-00fe861dea27557a7",
                        "attributes": {
                            "association_id": "eipassoc-0fd65966d73ca98ad",
                            "customer_owned_ip": "",
                            "customer_owned_ipv4_pool": "",
                            "domain": "vpc",
                            "id": "eipalloc-00fe861dea27557a7",
                            "instance": "",
                            "network_interface": "eni-038f879b0506a62d7",
                            "private_dns": "ip-192-168-1-45.us-east-2.compute.internal",
                            "private_ip": "192.168.1.45",
                            "public_dns": "ec2-3-131-127-199.us-east-2.compute.amazonaws.com",
                            "public_ip": "3.131.127.199",
                            "public_ipv4_pool": "amazon",
                            "tags.%": "1",
                            "tags.Name": "eip_ngfw1_untrust",
                            "vpc": "true"
                        },
                        "meta": {
                            "e2bfb730-ecaa-11e6-8f88-34363bc7c4c0": {
                                "delete": 180000000000,
                                "read": 900000000000,
                                "update": 300000000000
                            }
                        },
                        "tainted": false
                    },
                    "deposed": [],
                    "provider": "provider.aws"
                },
                "aws_instance.instance-ngfw": {
                    "type": "aws_instance",
                    "depends_on": [
                        "aws_network_interface.eni-management",
                        "aws_network_interface.eni-trust",
                        "aws_network_interface.eni-untrust",
                        "data.aws_ami.panw_ngfw"
                    ],
                    "primary": {
                        "id": "i-06f9d95a2debe0778",
                        "attributes": {
                            "ami": "ami-05025aa19e768421d",
                            "arn": "arn:aws:ec2:us-east-2:091098171424:instance/i-06f9d95a2debe0778",
                            "associate_public_ip_address": "true",
                            "availability_zone": "us-east-2a",
                            "cpu_core_count": "4",
                            "cpu_threads_per_core": "2",
                            "disable_api_termination": "false",
                            "ebs_block_device.#": "0",
                            "ebs_optimized": "true",
                            "ephemeral_block_device.#": "0",
                            "get_password_data": "false",
                            "hibernation": "false",
                            "iam_instance_profile": "ngfw_bootstrap_profile",
                            "id": "i-06f9d95a2debe0778",
                            "instance_initiated_shutdown_behavior": "stop",
                            "instance_state": "running",
                            "instance_type": "m4.2xlarge",
                            "ipv6_address_count": "0",
                            "ipv6_addresses.#": "0",
                            "key_name": "AWS-Ohio-Key",
                            "metadata_options.#": "1",
                            "metadata_options.0.http_endpoint": "enabled",
                            "metadata_options.0.http_put_response_hop_limit": "1",
                            "metadata_options.0.http_tokens": "optional",
                            "monitoring": "false",
                            "network_interface.#": "3",
                            "network_interface.1714448531.delete_on_termination": "false",
                            "network_interface.1714448531.device_index": "2",
                            "network_interface.1714448531.network_interface_id": "eni-0bec383ffc20bb3c1",
                            "network_interface.1982028910.delete_on_termination": "false",
                            "network_interface.1982028910.device_index": "1",
                            "network_interface.1982028910.network_interface_id": "eni-0d124525485ce82e4",
                            "network_interface.3287775610.delete_on_termination": "false",
                            "network_interface.3287775610.device_index": "0",
                            "network_interface.3287775610.network_interface_id": "eni-038f879b0506a62d7",
                            "outpost_arn": "",
                            "password_data": "",
                            "placement_group": "",
                            "primary_network_interface_id": "eni-038f879b0506a62d7",
                            "private_dns": "ip-192-168-1-45.us-east-2.compute.internal",
                            "private_ip": "192.168.1.45",
                            "public_dns": "",
                            "public_ip": "3.131.127.199",
                            "root_block_device.#": "1",
                            "root_block_device.0.delete_on_termination": "false",
                            "root_block_device.0.device_name": "/dev/xvda",
                            "root_block_device.0.encrypted": "false",
                            "root_block_device.0.iops": "180",
                            "root_block_device.0.kms_key_id": "",
                            "root_block_device.0.volume_id": "vol-003cad09efa555f2e",
                            "root_block_device.0.volume_size": "60",
                            "root_block_device.0.volume_type": "gp2",
                            "security_groups.#": "0",
                            "source_dest_check": "false",
                            "subnet_id": "subnet-035c342324f7ec61e",
                            "tags.%": "1",
                            "tags.Name": "ngfw1",
                            "tenancy": "default",
                            "user_data": "c4aec62ef9e9d45017466057ae0de0066f0bcaaf",
                            "volume_tags.%": "0",
                            "vpc_security_group_ids.#": "1",
                            "vpc_security_group_ids.3581206678": "sg-0902d5c42cef06b8e"
                        },
                        "meta": {
                            "e2bfb730-ecaa-11e6-8f88-34363bc7c4c0": {
                                "create": 600000000000,
                                "delete": 1200000000000,
                                "update": 600000000000
                            },
                            "schema_version": "1"
                        },
                        "tainted": false
                    },
                    "deposed": [],
                    "provider": "provider.aws"
                },
                "aws_network_interface.eni-management": {
                    "type": "aws_network_interface",
                    "depends_on": [],
                    "primary": {
                        "id": "eni-0d124525485ce82e4",
                        "attributes": {
                            "attachment.#": "0",
                            "description": "",
                            "id": "eni-0d124525485ce82e4",
                            "mac_address": "02:40:c5:40:87:04",
                            "outpost_arn": "",
                            "private_dns_name": "",
                            "private_ip": "192.168.1.63",
                            "private_ips.#": "1",
                            "private_ips.3654226378": "192.168.1.63",
                            "private_ips_count": "0",
                            "security_groups.#": "1",
                            "security_groups.342706484": "sg-01396021fbf799f94",
                            "source_dest_check": "true",
                            "subnet_id": "subnet-035c342324f7ec61e",
                            "tags.%": "1",
                            "tags.Name": "eni_ngfw1_management"
                        },
                        "meta": {},
                        "tainted": false
                    },
                    "deposed": [],
                    "provider": "provider.aws"
                },
                "aws_network_interface.eni-trust": {
                    "type": "aws_network_interface",
                    "depends_on": [],
                    "primary": {
                        "id": "eni-0bec383ffc20bb3c1",
                        "attributes": {
                            "attachment.#": "0",
                            "description": "",
                            "id": "eni-0bec383ffc20bb3c1",
                            "mac_address": "02:5b:05:be:23:40",
                            "outpost_arn": "",
                            "private_dns_name": "",
                            "private_ip": "192.168.101.45",
                            "private_ips.#": "1",
                            "private_ips.2703016619": "192.168.101.45",
                            "private_ips_count": "0",
                            "security_groups.#": "1",
                            "security_groups.3581206678": "sg-0902d5c42cef06b8e",
                            "source_dest_check": "false",
                            "subnet_id": "subnet-0d2d159fc7fd51037",
                            "tags.%": "1",
                            "tags.Name": "eni_ngfw1_trust"
                        },
                        "meta": {},
                        "tainted": false
                    },
                    "deposed": [],
                    "provider": "provider.aws"
                },
                "aws_network_interface.eni-untrust": {
                    "type": "aws_network_interface",
                    "depends_on": [],
                    "primary": {
                        "id": "eni-038f879b0506a62d7",
                        "attributes": {
                            "attachment.#": "0",
                            "description": "",
                            "id": "eni-038f879b0506a62d7",
                            "mac_address": "02:bb:46:1e:4a:54",
                            "outpost_arn": "",
                            "private_dns_name": "",
                            "private_ip": "192.168.1.45",
                            "private_ips.#": "1",
                            "private_ips.43701885": "192.168.1.45",
                            "private_ips_count": "0",
                            "security_groups.#": "1",
                            "security_groups.3581206678": "sg-0902d5c42cef06b8e",
                            "source_dest_check": "false",
                            "subnet_id": "subnet-035c342324f7ec61e",
                            "tags.%": "1",
                            "tags.Name": "eni_ngfw1_untrust"
                        },
                        "meta": {},
                        "tainted": false
                    },
                    "deposed": [],
                    "provider": "provider.aws"
                },
                "data.aws_ami.panw_ngfw": {
                    "type": "aws_ami",
                    "depends_on": [],
                    "primary": {
                        "id": "ami-05025aa19e768421d",
                        "attributes": {
                            "architecture": "x86_64",
                            "arn": "arn:aws:ec2:us-east-2::image/ami-05025aa19e768421d",
                            "block_device_mappings.#": "1",
                            "block_device_mappings.4255531363.device_name": "/dev/xvda",
                            "block_device_mappings.4255531363.ebs.%": "6",
                            "block_device_mappings.4255531363.ebs.delete_on_termination": "false",
                            "block_device_mappings.4255531363.ebs.encrypted": "false",
                            "block_device_mappings.4255531363.ebs.iops": "0",
                            "block_device_mappings.4255531363.ebs.snapshot_id": "snap-008c69bbf074ed81a",
                            "block_device_mappings.4255531363.ebs.volume_size": "60",
                            "block_device_mappings.4255531363.ebs.volume_type": "gp2",
                            "block_device_mappings.4255531363.no_device": "",
                            "block_device_mappings.4255531363.virtual_name": "",
                            "creation_date": "2020-07-23T17:52:59.000Z",
                            "description": "[Copied ami-0e912cb1b3d5117b2 from us-east-1] PA-VM-AWS-9.0.9-h1.xfr",
                            "filter.#": "3",
                            "filter.2106466479.name": "product-code",
                            "filter.2106466479.values.#": "1",
                            "filter.2106466479.values.0": "806j2of0qy5osgjjixq9gqc6g",
                            "filter.3215786881.name": "owner-alias",
                            "filter.3215786881.values.#": "1",
                            "filter.3215786881.values.0": "aws-marketplace",
                            "filter.3513162194.name": "name",
                            "filter.3513162194.values.#": "1",
                            "filter.3513162194.values.0": "PA-VM-AWS-9.0.9*",
                            "hypervisor": "xen",
                            "id": "ami-05025aa19e768421d",
                            "image_id": "ami-05025aa19e768421d",
                            "image_location": "aws-marketplace/PA-VM-AWS-9.0.9-h1.xfr-8736f7a7-35b2-4e03-a8eb-6a749a987428-ami-0bee10f4257aae2c6.4",
                            "image_owner_alias": "aws-marketplace",
                            "image_type": "machine",
                            "most_recent": "true",
                            "name": "PA-VM-AWS-9.0.9-h1.xfr-8736f7a7-35b2-4e03-a8eb-6a749a987428-ami-0bee10f4257aae2c6.4",
                            "owner_id": "679593333241",
                            "owners.#": "1",
                            "owners.0": "aws-marketplace",
                            "product_codes.#": "1",
                            "product_codes.2929668626.product_code_id": "806j2of0qy5osgjjixq9gqc6g",
                            "product_codes.2929668626.product_code_type": "marketplace",
                            "public": "true",
                            "root_device_name": "/dev/xvda",
                            "root_device_type": "ebs",
                            "root_snapshot_id": "snap-008c69bbf074ed81a",
                            "sriov_net_support": "simple",
                            "state": "available",
                            "state_reason.%": "2",
                            "state_reason.code": "UNSET",
                            "state_reason.message": "UNSET",
                            "tags.%": "0",
                            "virtualization_type": "hvm"
                        },
                        "meta": {},
                        "tainted": false
                    },
                    "deposed": [],
                    "provider": "provider.aws"
                },
                "data.aws_region.current": {
                    "type": "aws_region",
                    "depends_on": [],
                    "primary": {
                        "id": "us-east-2",
                        "attributes": {
                            "description": "US East (Ohio)",
                            "endpoint": "ec2.us-east-2.amazonaws.com",
                            "id": "us-east-2",
                            "name": "us-east-2"
                        },
                        "meta": {},
                        "tainted": false
                    },
                    "deposed": [],
                    "provider": "provider.aws"
                }
            },
            "depends_on": []
        },
        {
            "path": [
                "root",
                "ngfw2"
            ],
            "outputs": {
                "eip_mgmt": {
                    "sensitive": false,
                    "type": "string",
                    "value": "3.13.237.206"
                },
                "eip_untrust": {
                    "sensitive": false,
                    "type": "string",
                    "value": "3.133.186.15"
                },
                "eni-trust": {
                    "sensitive": false,
                    "type": "string",
                    "value": "eni-095130029192c6d6b"
                }
            },
            "resources": {
                "aws_eip.eip-management": {
                    "type": "aws_eip",
                    "depends_on": [
                        "aws_network_interface.eni-management"
                    ],
                    "primary": {
                        "id": "eipalloc-0ab7601874f3d5d6d",
                        "attributes": {
                            "association_id": "eipassoc-0f02977b933d72e4a",
                            "customer_owned_ip": "",
                            "customer_owned_ipv4_pool": "",
                            "domain": "vpc",
                            "id": "eipalloc-0ab7601874f3d5d6d",
                            "instance": "",
                            "network_interface": "eni-0aece30747da1935e",
                            "private_dns": "ip-192-168-2-145.us-east-2.compute.internal",
                            "private_ip": "192.168.2.145",
                            "public_dns": "ec2-3-13-237-206.us-east-2.compute.amazonaws.com",
                            "public_ip": "3.13.237.206",
                            "public_ipv4_pool": "amazon",
                            "tags.%": "1",
                            "tags.Name": "eip_ngfw2_management",
                            "vpc": "true"
                        },
                        "meta": {
                            "e2bfb730-ecaa-11e6-8f88-34363bc7c4c0": {
                                "delete": 180000000000,
                                "read": 900000000000,
                                "update": 300000000000
                            }
                        },
                        "tainted": false
                    },
                    "deposed": [],
                    "provider": "provider.aws"
                },
                "aws_eip.eip-untrust": {
                    "type": "aws_eip",
                    "depends_on": [
                        "aws_network_interface.eni-untrust"
                    ],
                    "primary": {
                        "id": "eipalloc-052a090f004b7af0c",
                        "attributes": {
                            "association_id": "eipassoc-012fa3ae17247bc71",
                            "customer_owned_ip": "",
                            "customer_owned_ipv4_pool": "",
                            "domain": "vpc",
                            "id": "eipalloc-052a090f004b7af0c",
                            "instance": "",
                            "network_interface": "eni-0a6bad10747afceb4",
                            "private_dns": "ip-192-168-2-45.us-east-2.compute.internal",
                            "private_ip": "192.168.2.45",
                            "public_dns": "ec2-3-133-186-15.us-east-2.compute.amazonaws.com",
                            "public_ip": "3.133.186.15",
                            "public_ipv4_pool": "amazon",
                            "tags.%": "1",
                            "tags.Name": "eip_ngfw2_untrust",
                            "vpc": "true"
                        },
                        "meta": {
                            "e2bfb730-ecaa-11e6-8f88-34363bc7c4c0": {
                                "delete": 180000000000,
                                "read": 900000000000,
                                "update": 300000000000
                            }
                        },
                        "tainted": false
                    },
                    "deposed": [],
                    "provider": "provider.aws"
                },
                "aws_instance.instance-ngfw": {
                    "type": "aws_instance",
                    "depends_on": [
                        "aws_network_interface.eni-management",
                        "aws_network_interface.eni-trust",
                        "aws_network_interface.eni-untrust",
                        "data.aws_ami.panw_ngfw"
                    ],
                    "primary": {
                        "id": "i-05a5263ed8e80cd63",
                        "attributes": {
                            "ami": "ami-05025aa19e768421d",
                            "arn": "arn:aws:ec2:us-east-2:091098171424:instance/i-05a5263ed8e80cd63",
                            "associate_public_ip_address": "true",
                            "availability_zone": "us-east-2b",
                            "cpu_core_count": "4",
                            "cpu_threads_per_core": "2",
                            "disable_api_termination": "false",
                            "ebs_block_device.#": "0",
                            "ebs_optimized": "true",
                            "ephemeral_block_device.#": "0",
                            "get_password_data": "false",
                            "hibernation": "false",
                            "iam_instance_profile": "ngfw_bootstrap_profile2",
                            "id": "i-05a5263ed8e80cd63",
                            "instance_initiated_shutdown_behavior": "stop",
                            "instance_state": "running",
                            "instance_type": "m4.2xlarge",
                            "ipv6_address_count": "0",
                            "ipv6_addresses.#": "0",
                            "key_name": "AWS-Ohio-Key",
                            "metadata_options.#": "1",
                            "metadata_options.0.http_endpoint": "enabled",
                            "metadata_options.0.http_put_response_hop_limit": "1",
                            "metadata_options.0.http_tokens": "optional",
                            "monitoring": "false",
                            "network_interface.#": "3",
                            "network_interface.1635599094.delete_on_termination": "false",
                            "network_interface.1635599094.device_index": "0",
                            "network_interface.1635599094.network_interface_id": "eni-0a6bad10747afceb4",
                            "network_interface.189051522.delete_on_termination": "false",
                            "network_interface.189051522.device_index": "1",
                            "network_interface.189051522.network_interface_id": "eni-0aece30747da1935e",
                            "network_interface.3886769359.delete_on_termination": "false",
                            "network_interface.3886769359.device_index": "2",
                            "network_interface.3886769359.network_interface_id": "eni-095130029192c6d6b",
                            "outpost_arn": "",
                            "password_data": "",
                            "placement_group": "",
                            "primary_network_interface_id": "eni-0a6bad10747afceb4",
                            "private_dns": "ip-192-168-2-45.us-east-2.compute.internal",
                            "private_ip": "192.168.2.45",
                            "public_dns": "",
                            "public_ip": "3.133.186.15",
                            "root_block_device.#": "1",
                            "root_block_device.0.delete_on_termination": "false",
                            "root_block_device.0.device_name": "/dev/xvda",
                            "root_block_device.0.encrypted": "false",
                            "root_block_device.0.iops": "180",
                            "root_block_device.0.kms_key_id": "",
                            "root_block_device.0.volume_id": "vol-08a880be66795c7e1",
                            "root_block_device.0.volume_size": "60",
                            "root_block_device.0.volume_type": "gp2",
                            "security_groups.#": "0",
                            "source_dest_check": "false",
                            "subnet_id": "subnet-0886b4c31ce5cd062",
                            "tags.%": "1",
                            "tags.Name": "ngfw2",
                            "tenancy": "default",
                            "user_data": "ecede63d7f366af7c2910a2e977ab81b1ef540fc",
                            "volume_tags.%": "0",
                            "vpc_security_group_ids.#": "1",
                            "vpc_security_group_ids.3581206678": "sg-0902d5c42cef06b8e"
                        },
                        "meta": {
                            "e2bfb730-ecaa-11e6-8f88-34363bc7c4c0": {
                                "create": 600000000000,
                                "delete": 1200000000000,
                                "update": 600000000000
                            },
                            "schema_version": "1"
                        },
                        "tainted": false
                    },
                    "deposed": [],
                    "provider": "provider.aws"
                },
                "aws_network_interface.eni-management": {
                    "type": "aws_network_interface",
                    "depends_on": [],
                    "primary": {
                        "id": "eni-0aece30747da1935e",
                        "attributes": {
                            "attachment.#": "0",
                            "description": "",
                            "id": "eni-0aece30747da1935e",
                            "mac_address": "06:83:58:80:13:e0",
                            "outpost_arn": "",
                            "private_dns_name": "",
                            "private_ip": "192.168.2.145",
                            "private_ips.#": "1",
                            "private_ips.4067898755": "192.168.2.145",
                            "private_ips_count": "0",
                            "security_groups.#": "1",
                            "security_groups.342706484": "sg-01396021fbf799f94",
                            "source_dest_check": "true",
                            "subnet_id": "subnet-0886b4c31ce5cd062",
                            "tags.%": "1",
                            "tags.Name": "eni_ngfw2_management"
                        },
                        "meta": {},
                        "tainted": false
                    },
                    "deposed": [],
                    "provider": "provider.aws"
                },
                "aws_network_interface.eni-trust": {
                    "type": "aws_network_interface",
                    "depends_on": [],
                    "primary": {
                        "id": "eni-095130029192c6d6b",
                        "attributes": {
                            "attachment.#": "0",
                            "description": "",
                            "id": "eni-095130029192c6d6b",
                            "mac_address": "06:57:d6:12:07:24",
                            "outpost_arn": "",
                            "private_dns_name": "",
                            "private_ip": "192.168.102.45",
                            "private_ips.#": "1",
                            "private_ips.3014225221": "192.168.102.45",
                            "private_ips_count": "0",
                            "security_groups.#": "1",
                            "security_groups.3581206678": "sg-0902d5c42cef06b8e",
                            "source_dest_check": "false",
                            "subnet_id": "subnet-0c5ff6c8f51707766",
                            "tags.%": "1",
                            "tags.Name": "eni_ngfw2_trust"
                        },
                        "meta": {},
                        "tainted": false
                    },
                    "deposed": [],
                    "provider": "provider.aws"
                },
                "aws_network_interface.eni-untrust": {
                    "type": "aws_network_interface",
                    "depends_on": [],
                    "primary": {
                        "id": "eni-0a6bad10747afceb4",
                        "attributes": {
                            "attachment.#": "0",
                            "description": "",
                            "id": "eni-0a6bad10747afceb4",
                            "mac_address": "06:ee:a5:be:a2:80",
                            "outpost_arn": "",
                            "private_dns_name": "",
                            "private_ip": "192.168.2.45",
                            "private_ips.#": "1",
                            "private_ips.271546771": "192.168.2.45",
                            "private_ips_count": "0",
                            "security_groups.#": "1",
                            "security_groups.3581206678": "sg-0902d5c42cef06b8e",
                            "source_dest_check": "false",
                            "subnet_id": "subnet-0886b4c31ce5cd062",
                            "tags.%": "1",
                            "tags.Name": "eni_ngfw2_untrust"
                        },
                        "meta": {},
                        "tainted": false
                    },
                    "deposed": [],
                    "provider": "provider.aws"
                },
                "data.aws_ami.panw_ngfw": {
                    "type": "aws_ami",
                    "depends_on": [],
                    "primary": {
                        "id": "ami-05025aa19e768421d",
                        "attributes": {
                            "architecture": "x86_64",
                            "arn": "arn:aws:ec2:us-east-2::image/ami-05025aa19e768421d",
                            "block_device_mappings.#": "1",
                            "block_device_mappings.4255531363.device_name": "/dev/xvda",
                            "block_device_mappings.4255531363.ebs.%": "6",
                            "block_device_mappings.4255531363.ebs.delete_on_termination": "false",
                            "block_device_mappings.4255531363.ebs.encrypted": "false",
                            "block_device_mappings.4255531363.ebs.iops": "0",
                            "block_device_mappings.4255531363.ebs.snapshot_id": "snap-008c69bbf074ed81a",
                            "block_device_mappings.4255531363.ebs.volume_size": "60",
                            "block_device_mappings.4255531363.ebs.volume_type": "gp2",
                            "block_device_mappings.4255531363.no_device": "",
                            "block_device_mappings.4255531363.virtual_name": "",
                            "creation_date": "2020-07-23T17:52:59.000Z",
                            "description": "[Copied ami-0e912cb1b3d5117b2 from us-east-1] PA-VM-AWS-9.0.9-h1.xfr",
                            "filter.#": "3",
                            "filter.2106466479.name": "product-code",
                            "filter.2106466479.values.#": "1",
                            "filter.2106466479.values.0": "806j2of0qy5osgjjixq9gqc6g",
                            "filter.3215786881.name": "owner-alias",
                            "filter.3215786881.values.#": "1",
                            "filter.3215786881.values.0": "aws-marketplace",
                            "filter.3513162194.name": "name",
                            "filter.3513162194.values.#": "1",
                            "filter.3513162194.values.0": "PA-VM-AWS-9.0.9*",
                            "hypervisor": "xen",
                            "id": "ami-05025aa19e768421d",
                            "image_id": "ami-05025aa19e768421d",
                            "image_location": "aws-marketplace/PA-VM-AWS-9.0.9-h1.xfr-8736f7a7-35b2-4e03-a8eb-6a749a987428-ami-0bee10f4257aae2c6.4",
                            "image_owner_alias": "aws-marketplace",
                            "image_type": "machine",
                            "most_recent": "true",
                            "name": "PA-VM-AWS-9.0.9-h1.xfr-8736f7a7-35b2-4e03-a8eb-6a749a987428-ami-0bee10f4257aae2c6.4",
                            "owner_id": "679593333241",
                            "owners.#": "1",
                            "owners.0": "aws-marketplace",
                            "product_codes.#": "1",
                            "product_codes.2929668626.product_code_id": "806j2of0qy5osgjjixq9gqc6g",
                            "product_codes.2929668626.product_code_type": "marketplace",
                            "public": "true",
                            "root_device_name": "/dev/xvda",
                            "root_device_type": "ebs",
                            "root_snapshot_id": "snap-008c69bbf074ed81a",
                            "sriov_net_support": "simple",
                            "state": "available",
                            "state_reason.%": "2",
                            "state_reason.code": "UNSET",
                            "state_reason.message": "UNSET",
                            "tags.%": "0",
                            "virtualization_type": "hvm"
                        },
                        "meta": {},
                        "tainted": false
                    },
                    "deposed": [],
                    "provider": "provider.aws"
                },
                "data.aws_region.current": {
                    "type": "aws_region",
                    "depends_on": [],
                    "primary": {
                        "id": "us-east-2",
                        "attributes": {
                            "description": "US East (Ohio)",
                            "endpoint": "ec2.us-east-2.amazonaws.com",
                            "id": "us-east-2",
                            "name": "us-east-2"
                        },
                        "meta": {},
                        "tainted": false
                    },
                    "deposed": [],
                    "provider": "provider.aws"
                }
            },
            "depends_on": []
        },
        {
            "path": [
                "root",
                "spoke1"
            ],
            "outputs": {
                "subnet_id": {
                    "sensitive": false,
                    "type": "string",
                    "value": "subnet-04489c5ba79928e78"
                },
                "vpc_id": {
                    "sensitive": false,
                    "type": "string",
                    "value": "vpc-02a5e845c2e6e28eb"
                }
            },
            "resources": {
                "aws_ec2_transit_gateway_route_table_association.vpc_spoke_1": {
                    "type": "aws_ec2_transit_gateway_route_table_association",
                    "depends_on": [
                        "aws_ec2_transit_gateway_vpc_attachment.tgw_spoke_attachment"
                    ],
                    "primary": {
                        "id": "tgw-rtb-026db23a5685b5e37_tgw-attach-09a8ac4a7b6033bd1",
                        "attributes": {
                            "id": "tgw-rtb-026db23a5685b5e37_tgw-attach-09a8ac4a7b6033bd1",
                            "resource_id": "vpc-02a5e845c2e6e28eb",
                            "resource_type": "vpc",
                            "transit_gateway_attachment_id": "tgw-attach-09a8ac4a7b6033bd1",
                            "transit_gateway_route_table_id": "tgw-rtb-026db23a5685b5e37"
                        },
                        "meta": {},
                        "tainted": false
                    },
                    "deposed": [],
                    "provider": "provider.aws"
                },
                "aws_ec2_transit_gateway_route_table_propagation.route_table_propagation": {
                    "type": "aws_ec2_transit_gateway_route_table_propagation",
                    "depends_on": [
                        "aws_ec2_transit_gateway_vpc_attachment.tgw_spoke_attachment"
                    ],
                    "primary": {
                        "id": "tgw-rtb-007e9aa0004fc95d7_tgw-attach-09a8ac4a7b6033bd1",
                        "attributes": {
                            "id": "tgw-rtb-007e9aa0004fc95d7_tgw-attach-09a8ac4a7b6033bd1",
                            "resource_id": "vpc-02a5e845c2e6e28eb",
                            "resource_type": "vpc",
                            "transit_gateway_attachment_id": "tgw-attach-09a8ac4a7b6033bd1",
                            "transit_gateway_route_table_id": "tgw-rtb-007e9aa0004fc95d7"
                        },
                        "meta": {},
                        "tainted": false
                    },
                    "deposed": [],
                    "provider": "provider.aws"
                },
                "aws_ec2_transit_gateway_vpc_attachment.tgw_spoke_attachment": {
                    "type": "aws_ec2_transit_gateway_vpc_attachment",
                    "depends_on": [
                        "aws_subnet.primary",
                        "aws_subnet.secondary",
                        "aws_vpc.vpc_spoke"
                    ],
                    "primary": {
                        "id": "tgw-attach-09a8ac4a7b6033bd1",
                        "attributes": {
                            "dns_support": "enable",
                            "id": "tgw-attach-09a8ac4a7b6033bd1",
                            "ipv6_support": "disable",
                            "subnet_ids.#": "2",
                            "subnet_ids.1880132061": "subnet-04489c5ba79928e78",
                            "subnet_ids.2783692027": "subnet-02fe8694be7d7ab8b",
                            "tags.%": "1",
                            "tags.Name": "tgw_attachment_spoke_10.1.0.0/16",
                            "transit_gateway_default_route_table_association": "false",
                            "transit_gateway_default_route_table_propagation": "false",
                            "transit_gateway_id": "tgw-0c86a7171d5c55247",
                            "vpc_id": "vpc-02a5e845c2e6e28eb",
                            "vpc_owner_id": "091098171424"
                        },
                        "meta": {},
                        "tainted": false
                    },
                    "deposed": [],
                    "provider": "provider.aws"
                },
                "aws_instance.web": {
                    "type": "aws_instance",
                    "depends_on": [
                        "aws_security_group.server_sg",
                        "aws_subnet.primary",
                        "data.aws_ami.ubuntu"
                    ],
                    "primary": {
                        "id": "i-0b45f73cc5d0d4bb1",
                        "attributes": {
                            "ami": "ami-032eae14ebea64f91",
                            "arn": "arn:aws:ec2:us-east-2:091098171424:instance/i-0b45f73cc5d0d4bb1",
                            "associate_public_ip_address": "false",
                            "availability_zone": "us-east-2a",
                            "cpu_core_count": "1",
                            "cpu_threads_per_core": "1",
                            "credit_specification.#": "1",
                            "credit_specification.0.cpu_credits": "standard",
                            "disable_api_termination": "false",
                            "ebs_block_device.#": "0",
                            "ebs_optimized": "false",
                            "ephemeral_block_device.#": "0",
                            "get_password_data": "false",
                            "hibernation": "false",
                            "iam_instance_profile": "",
                            "id": "i-0b45f73cc5d0d4bb1",
                            "instance_state": "running",
                            "instance_type": "t2.micro",
                            "ipv6_address_count": "0",
                            "ipv6_addresses.#": "0",
                            "key_name": "AWS-Ohio-Key",
                            "metadata_options.#": "1",
                            "metadata_options.0.http_endpoint": "enabled",
                            "metadata_options.0.http_put_response_hop_limit": "1",
                            "metadata_options.0.http_tokens": "optional",
                            "monitoring": "false",
                            "network_interface.#": "0",
                            "outpost_arn": "",
                            "password_data": "",
                            "placement_group": "",
                            "primary_network_interface_id": "eni-0c152bc48b67bdf4d",
                            "private_dns": "ip-10-1-1-45.us-east-2.compute.internal",
                            "private_ip": "10.1.1.45",
                            "public_dns": "",
                            "public_ip": "",
                            "root_block_device.#": "1",
                            "root_block_device.0.delete_on_termination": "true",
                            "root_block_device.0.device_name": "/dev/sda1",
                            "root_block_device.0.encrypted": "false",
                            "root_block_device.0.iops": "100",
                            "root_block_device.0.kms_key_id": "",
                            "root_block_device.0.volume_id": "vol-001428c765555baaa",
                            "root_block_device.0.volume_size": "8",
                            "root_block_device.0.volume_type": "gp2",
                            "security_groups.#": "0",
                            "source_dest_check": "true",
                            "subnet_id": "subnet-04489c5ba79928e78",
                            "tags.%": "2",
                            "tags.Environment": "web",
                            "tags.Name": "spoke1-server1",
                            "tenancy": "default",
                            "volume_tags.%": "0",
                            "vpc_security_group_ids.#": "1",
                            "vpc_security_group_ids.3809140140": "sg-062c20bb5bd638c03"
                        },
                        "meta": {
                            "e2bfb730-ecaa-11e6-8f88-34363bc7c4c0": {
                                "create": 600000000000,
                                "delete": 1200000000000,
                                "update": 600000000000
                            },
                            "schema_version": "1"
                        },
                        "tainted": false
                    },
                    "deposed": [],
                    "provider": "provider.aws"
                },
                "aws_instance.web2": {
                    "type": "aws_instance",
                    "depends_on": [
                        "aws_security_group.server_sg",
                        "aws_subnet.secondary",
                        "data.aws_ami.ubuntu"
                    ],
                    "primary": {
                        "id": "i-0c26741c0f83d1250",
                        "attributes": {
                            "ami": "ami-032eae14ebea64f91",
                            "arn": "arn:aws:ec2:us-east-2:091098171424:instance/i-0c26741c0f83d1250",
                            "associate_public_ip_address": "false",
                            "availability_zone": "us-east-2b",
                            "cpu_core_count": "1",
                            "cpu_threads_per_core": "1",
                            "credit_specification.#": "1",
                            "credit_specification.0.cpu_credits": "standard",
                            "disable_api_termination": "false",
                            "ebs_block_device.#": "0",
                            "ebs_optimized": "false",
                            "ephemeral_block_device.#": "0",
                            "get_password_data": "false",
                            "hibernation": "false",
                            "iam_instance_profile": "",
                            "id": "i-0c26741c0f83d1250",
                            "instance_state": "running",
                            "instance_type": "t2.micro",
                            "ipv6_address_count": "0",
                            "ipv6_addresses.#": "0",
                            "key_name": "AWS-Ohio-Key",
                            "metadata_options.#": "1",
                            "metadata_options.0.http_endpoint": "enabled",
                            "metadata_options.0.http_put_response_hop_limit": "1",
                            "metadata_options.0.http_tokens": "optional",
                            "monitoring": "false",
                            "network_interface.#": "0",
                            "outpost_arn": "",
                            "password_data": "",
                            "placement_group": "",
                            "primary_network_interface_id": "eni-03f7e23f62a025e6c",
                            "private_dns": "ip-10-1-2-45.us-east-2.compute.internal",
                            "private_ip": "10.1.2.45",
                            "public_dns": "",
                            "public_ip": "",
                            "root_block_device.#": "1",
                            "root_block_device.0.delete_on_termination": "true",
                            "root_block_device.0.device_name": "/dev/sda1",
                            "root_block_device.0.encrypted": "false",
                            "root_block_device.0.iops": "100",
                            "root_block_device.0.kms_key_id": "",
                            "root_block_device.0.volume_id": "vol-09a37f54a59aef7e9",
                            "root_block_device.0.volume_size": "8",
                            "root_block_device.0.volume_type": "gp2",
                            "security_groups.#": "0",
                            "source_dest_check": "true",
                            "subnet_id": "subnet-02fe8694be7d7ab8b",
                            "tags.%": "2",
                            "tags.Environment": "web",
                            "tags.Name": "spoke1-server2",
                            "tenancy": "default",
                            "volume_tags.%": "0",
                            "vpc_security_group_ids.#": "1",
                            "vpc_security_group_ids.3809140140": "sg-062c20bb5bd638c03"
                        },
                        "meta": {
                            "e2bfb730-ecaa-11e6-8f88-34363bc7c4c0": {
                                "create": 600000000000,
                                "delete": 1200000000000,
                                "update": 600000000000
                            },
                            "schema_version": "1"
                        },
                        "tainted": false
                    },
                    "deposed": [],
                    "provider": "provider.aws"
                },
                "aws_route.vpc_spoke_route_1": {
                    "type": "aws_route",
                    "depends_on": [
                        "aws_vpc.vpc_spoke"
                    ],
                    "primary": {
                        "id": "r-rtb-00bd8bc74c3f887ca3423270202",
                        "attributes": {
                            "destination_cidr_block": "10.0.0.0/8",
                            "destination_ipv6_cidr_block": "",
                            "destination_prefix_list_id": "",
                            "egress_only_gateway_id": "",
                            "gateway_id": "",
                            "id": "r-rtb-00bd8bc74c3f887ca3423270202",
                            "instance_id": "",
                            "instance_owner_id": "",
                            "nat_gateway_id": "",
                            "network_interface_id": "",
                            "origin": "CreateRoute",
                            "route_table_id": "rtb-00bd8bc74c3f887ca",
                            "state": "blackhole",
                            "transit_gateway_id": "tgw-0c86a7171d5c55247",
                            "vpc_peering_connection_id": ""
                        },
                        "meta": {
                            "e2bfb730-ecaa-11e6-8f88-34363bc7c4c0": {
                                "create": 120000000000,
                                "delete": 300000000000
                            }
                        },
                        "tainted": false
                    },
                    "deposed": [],
                    "provider": "provider.aws"
                },
                "aws_route.vpc_spoke_route_2": {
                    "type": "aws_route",
                    "depends_on": [
                        "aws_vpc.vpc_spoke"
                    ],
                    "primary": {
                        "id": "r-rtb-00bd8bc74c3f887ca3901788224",
                        "attributes": {
                            "destination_cidr_block": "192.168.0.0/16",
                            "destination_ipv6_cidr_block": "",
                            "destination_prefix_list_id": "",
                            "egress_only_gateway_id": "",
                            "gateway_id": "",
                            "id": "r-rtb-00bd8bc74c3f887ca3901788224",
                            "instance_id": "",
                            "instance_owner_id": "",
                            "nat_gateway_id": "",
                            "network_interface_id": "",
                            "origin": "CreateRoute",
                            "route_table_id": "rtb-00bd8bc74c3f887ca",
                            "state": "blackhole",
                            "transit_gateway_id": "tgw-0c86a7171d5c55247",
                            "vpc_peering_connection_id": ""
                        },
                        "meta": {
                            "e2bfb730-ecaa-11e6-8f88-34363bc7c4c0": {
                                "create": 120000000000,
                                "delete": 300000000000
                            }
                        },
                        "tainted": false
                    },
                    "deposed": [],
                    "provider": "provider.aws"
                },
                "aws_route.vpc_spoke_route_3": {
                    "type": "aws_route",
                    "depends_on": [
                        "aws_vpc.vpc_spoke"
                    ],
                    "primary": {
                        "id": "r-rtb-00bd8bc74c3f887ca1080289494",
                        "attributes": {
                            "destination_cidr_block": "0.0.0.0/0",
                            "destination_ipv6_cidr_block": "",
                            "destination_prefix_list_id": "",
                            "egress_only_gateway_id": "",
                            "gateway_id": "",
                            "id": "r-rtb-00bd8bc74c3f887ca1080289494",
                            "instance_id": "",
                            "instance_owner_id": "",
                            "nat_gateway_id": "",
                            "network_interface_id": "",
                            "origin": "CreateRoute",
                            "route_table_id": "rtb-00bd8bc74c3f887ca",
                            "state": "blackhole",
                            "transit_gateway_id": "tgw-0c86a7171d5c55247",
                            "vpc_peering_connection_id": ""
                        },
                        "meta": {
                            "e2bfb730-ecaa-11e6-8f88-34363bc7c4c0": {
                                "create": 120000000000,
                                "delete": 300000000000
                            }
                        },
                        "tainted": false
                    },
                    "deposed": [],
                    "provider": "provider.aws"
                },
                "aws_security_group.server_sg": {
                    "type": "aws_security_group",
                    "depends_on": [
                        "aws_vpc.vpc_spoke"
                    ],
                    "primary": {
                        "id": "sg-062c20bb5bd638c03",
                        "attributes": {
                            "arn": "arn:aws:ec2:us-east-2:091098171424:security-group/sg-062c20bb5bd638c03",
                            "description": "Allow select inbound traffic",
                            "egress.#": "0",
                            "id": "sg-062c20bb5bd638c03",
                            "ingress.#": "0",
                            "name": "server_sg",
                            "owner_id": "091098171424",
                            "revoke_rules_on_delete": "false",
                            "tags.%": "0",
                            "vpc_id": "vpc-02a5e845c2e6e28eb"
                        },
                        "meta": {
                            "e2bfb730-ecaa-11e6-8f88-34363bc7c4c0": {
                                "create": 600000000000,
                                "delete": 600000000000
                            },
                            "schema_version": "1"
                        },
                        "tainted": false
                    },
                    "deposed": [],
                    "provider": "provider.aws"
                },
                "aws_security_group_rule.allow_server_sg_egress": {
                    "type": "aws_security_group_rule",
                    "depends_on": [
                        "aws_security_group.server_sg"
                    ],
                    "primary": {
                        "id": "sgrule-1035376872",
                        "attributes": {
                            "cidr_blocks.#": "1",
                            "cidr_blocks.0": "0.0.0.0/0",
                            "from_port": "0",
                            "id": "sgrule-1035376872",
                            "protocol": "-1",
                            "security_group_id": "sg-062c20bb5bd638c03",
                            "self": "false",
                            "to_port": "0",
                            "type": "egress"
                        },
                        "meta": {
                            "schema_version": "2"
                        },
                        "tainted": false
                    },
                    "deposed": [],
                    "provider": "provider.aws"
                },
                "aws_security_group_rule.allow_server_sg_ingress": {
                    "type": "aws_security_group_rule",
                    "depends_on": [
                        "aws_security_group.server_sg"
                    ],
                    "primary": {
                        "id": "sgrule-1528072448",
                        "attributes": {
                            "cidr_blocks.#": "2",
                            "cidr_blocks.0": "10.0.0.0/8",
                            "cidr_blocks.1": "192.168.0.0/16",
                            "from_port": "0",
                            "id": "sgrule-1528072448",
                            "protocol": "-1",
                            "security_group_id": "sg-062c20bb5bd638c03",
                            "self": "false",
                            "to_port": "0",
                            "type": "ingress"
                        },
                        "meta": {
                            "schema_version": "2"
                        },
                        "tainted": false
                    },
                    "deposed": [],
                    "provider": "provider.aws"
                },
                "aws_subnet.primary": {
                    "type": "aws_subnet",
                    "depends_on": [
                        "aws_vpc.vpc_spoke",
                        "data.aws_availability_zones.available"
                    ],
                    "primary": {
                        "id": "subnet-04489c5ba79928e78",
                        "attributes": {
                            "arn": "arn:aws:ec2:us-east-2:091098171424:subnet/subnet-04489c5ba79928e78",
                            "assign_ipv6_address_on_creation": "false",
                            "availability_zone": "us-east-2a",
                            "availability_zone_id": "use2-az1",
                            "cidr_block": "10.1.1.0/24",
                            "id": "subnet-04489c5ba79928e78",
                            "ipv6_cidr_block": "",
                            "ipv6_cidr_block_association_id": "",
                            "map_public_ip_on_launch": "false",
                            "outpost_arn": "",
                            "owner_id": "091098171424",
                            "tags.%": "1",
                            "tags.Name": "vpc_spokeA_10.1.1.0/24",
                            "vpc_id": "vpc-02a5e845c2e6e28eb"
                        },
                        "meta": {
                            "e2bfb730-ecaa-11e6-8f88-34363bc7c4c0": {
                                "create": 600000000000,
                                "delete": 1200000000000
                            },
                            "schema_version": "1"
                        },
                        "tainted": false
                    },
                    "deposed": [],
                    "provider": "provider.aws"
                },
                "aws_subnet.secondary": {
                    "type": "aws_subnet",
                    "depends_on": [
                        "aws_vpc.vpc_spoke",
                        "data.aws_availability_zones.available"
                    ],
                    "primary": {
                        "id": "subnet-02fe8694be7d7ab8b",
                        "attributes": {
                            "arn": "arn:aws:ec2:us-east-2:091098171424:subnet/subnet-02fe8694be7d7ab8b",
                            "assign_ipv6_address_on_creation": "false",
                            "availability_zone": "us-east-2b",
                            "availability_zone_id": "use2-az2",
                            "cidr_block": "10.1.2.0/24",
                            "id": "subnet-02fe8694be7d7ab8b",
                            "ipv6_cidr_block": "",
                            "ipv6_cidr_block_association_id": "",
                            "map_public_ip_on_launch": "false",
                            "outpost_arn": "",
                            "owner_id": "091098171424",
                            "tags.%": "1",
                            "tags.Name": "vpc_spokeB_10.1.2.0/24",
                            "vpc_id": "vpc-02a5e845c2e6e28eb"
                        },
                        "meta": {
                            "e2bfb730-ecaa-11e6-8f88-34363bc7c4c0": {
                                "create": 600000000000,
                                "delete": 1200000000000
                            },
                            "schema_version": "1"
                        },
                        "tainted": false
                    },
                    "deposed": [],
                    "provider": "provider.aws"
                },
                "aws_vpc.vpc_spoke": {
                    "type": "aws_vpc",
                    "depends_on": [],
                    "primary": {
                        "id": "vpc-02a5e845c2e6e28eb",
                        "attributes": {
                            "arn": "arn:aws:ec2:us-east-2:091098171424:vpc/vpc-02a5e845c2e6e28eb",
                            "assign_generated_ipv6_cidr_block": "false",
                            "cidr_block": "10.1.0.0/16",
                            "default_network_acl_id": "acl-0a15504eb1b59a953",
                            "default_route_table_id": "rtb-00bd8bc74c3f887ca",
                            "default_security_group_id": "sg-09dbb2af268ab09ff",
                            "dhcp_options_id": "dopt-6e996b07",
                            "enable_dns_hostnames": "false",
                            "enable_dns_support": "true",
                            "id": "vpc-02a5e845c2e6e28eb",
                            "instance_tenancy": "default",
                            "ipv6_association_id": "",
                            "ipv6_cidr_block": "",
                            "main_route_table_id": "rtb-00bd8bc74c3f887ca",
                            "owner_id": "091098171424",
                            "tags.%": "1",
                            "tags.Name": "vpc_spoke_10.1.0.0/16"
                        },
                        "meta": {
                            "schema_version": "1"
                        },
                        "tainted": false
                    },
                    "deposed": [],
                    "provider": "provider.aws"
                },
                "data.aws_ami.ubuntu": {
                    "type": "aws_ami",
                    "depends_on": [],
                    "primary": {
                        "id": "ami-032eae14ebea64f91",
                        "attributes": {
                            "architecture": "x86_64",
                            "arn": "arn:aws:ec2:us-east-2::image/ami-032eae14ebea64f91",
                            "block_device_mappings.#": "3",
                            "block_device_mappings.1634610537.device_name": "/dev/sdb",
                            "block_device_mappings.1634610537.ebs.%": "0",
                            "block_device_mappings.1634610537.no_device": "",
                            "block_device_mappings.1634610537.virtual_name": "ephemeral0",
                            "block_device_mappings.2547816212.device_name": "/dev/sda1",
                            "block_device_mappings.2547816212.ebs.%": "6",
                            "block_device_mappings.2547816212.ebs.delete_on_termination": "true",
                            "block_device_mappings.2547816212.ebs.encrypted": "false",
                            "block_device_mappings.2547816212.ebs.iops": "0",
                            "block_device_mappings.2547816212.ebs.snapshot_id": "snap-010e9ba48d0bf863d",
                            "block_device_mappings.2547816212.ebs.volume_size": "8",
                            "block_device_mappings.2547816212.ebs.volume_type": "gp2",
                            "block_device_mappings.2547816212.no_device": "",
                            "block_device_mappings.2547816212.virtual_name": "",
                            "block_device_mappings.3850042718.device_name": "/dev/sdc",
                            "block_device_mappings.3850042718.ebs.%": "0",
                            "block_device_mappings.3850042718.no_device": "",
                            "block_device_mappings.3850042718.virtual_name": "ephemeral1",
                            "creation_date": "2019-11-11T18:30:38.000Z",
                            "description": "Canonical, Ubuntu, 14.04 LTS, amd64 trusty image build on 2019-11-07",
                            "filter.#": "2",
                            "filter.4182425345.name": "name",
                            "filter.4182425345.values.#": "1",
                            "filter.4182425345.values.0": "ubuntu/images/hvm-ssd/ubuntu-trusty-14.04-amd64-server-*",
                            "filter.490168357.name": "virtualization-type",
                            "filter.490168357.values.#": "1",
                            "filter.490168357.values.0": "hvm",
                            "hypervisor": "xen",
                            "id": "ami-032eae14ebea64f91",
                            "image_id": "ami-032eae14ebea64f91",
                            "image_location": "099720109477/ubuntu/images/hvm-ssd/ubuntu-trusty-14.04-amd64-server-20191107",
                            "image_type": "machine",
                            "most_recent": "true",
                            "name": "ubuntu/images/hvm-ssd/ubuntu-trusty-14.04-amd64-server-20191107",
                            "owner_id": "099720109477",
                            "owners.#": "1",
                            "owners.0": "099720109477",
                            "product_codes.#": "0",
                            "public": "true",
                            "root_device_name": "/dev/sda1",
                            "root_device_type": "ebs",
                            "root_snapshot_id": "snap-010e9ba48d0bf863d",
                            "sriov_net_support": "simple",
                            "state": "available",
                            "state_reason.%": "2",
                            "state_reason.code": "UNSET",
                            "state_reason.message": "UNSET",
                            "tags.%": "0",
                            "virtualization_type": "hvm"
                        },
                        "meta": {},
                        "tainted": false
                    },
                    "deposed": [],
                    "provider": "provider.aws"
                },
                "data.aws_availability_zones.available": {
                    "type": "aws_availability_zones",
                    "depends_on": [],
                    "primary": {
                        "id": "2020-08-25 20:47:05.061253 +0000 UTC",
                        "attributes": {
                            "group_names.#": "1",
                            "group_names.1951454386": "us-east-2",
                            "id": "2020-08-25 20:47:05.061253 +0000 UTC",
                            "names.#": "3",
                            "names.0": "us-east-2a",
                            "names.1": "us-east-2b",
                            "names.2": "us-east-2c",
                            "zone_ids.#": "3",
                            "zone_ids.0": "use2-az1",
                            "zone_ids.1": "use2-az2",
                            "zone_ids.2": "use2-az3"
                        },
                        "meta": {},
                        "tainted": false
                    },
                    "deposed": [],
                    "provider": "provider.aws"
                }
            },
            "depends_on": []
        },
        {
            "path": [
                "root",
                "spoke2"
            ],
            "outputs": {
                "subnet_id": {
                    "sensitive": false,
                    "type": "string",
                    "value": "subnet-0bac7462b9d75221c"
                },
                "vpc_id": {
                    "sensitive": false,
                    "type": "string",
                    "value": "vpc-0011f39ac73f13b63"
                }
            },
            "resources": {
                "aws_ec2_transit_gateway_route_table_association.vpc_spoke_1": {
                    "type": "aws_ec2_transit_gateway_route_table_association",
                    "depends_on": [
                        "aws_ec2_transit_gateway_vpc_attachment.tgw_spoke_attachment"
                    ],
                    "primary": {
                        "id": "tgw-rtb-026db23a5685b5e37_tgw-attach-01ca2249f581a657d",
                        "attributes": {
                            "id": "tgw-rtb-026db23a5685b5e37_tgw-attach-01ca2249f581a657d",
                            "resource_id": "vpc-0011f39ac73f13b63",
                            "resource_type": "vpc",
                            "transit_gateway_attachment_id": "tgw-attach-01ca2249f581a657d",
                            "transit_gateway_route_table_id": "tgw-rtb-026db23a5685b5e37"
                        },
                        "meta": {},
                        "tainted": false
                    },
                    "deposed": [],
                    "provider": "provider.aws"
                },
                "aws_ec2_transit_gateway_route_table_propagation.route_table_propagation": {
                    "type": "aws_ec2_transit_gateway_route_table_propagation",
                    "depends_on": [
                        "aws_ec2_transit_gateway_vpc_attachment.tgw_spoke_attachment"
                    ],
                    "primary": {
                        "id": "tgw-rtb-007e9aa0004fc95d7_tgw-attach-01ca2249f581a657d",
                        "attributes": {
                            "id": "tgw-rtb-007e9aa0004fc95d7_tgw-attach-01ca2249f581a657d",
                            "resource_id": "vpc-0011f39ac73f13b63",
                            "resource_type": "vpc",
                            "transit_gateway_attachment_id": "tgw-attach-01ca2249f581a657d",
                            "transit_gateway_route_table_id": "tgw-rtb-007e9aa0004fc95d7"
                        },
                        "meta": {},
                        "tainted": false
                    },
                    "deposed": [],
                    "provider": "provider.aws"
                },
                "aws_ec2_transit_gateway_vpc_attachment.tgw_spoke_attachment": {
                    "type": "aws_ec2_transit_gateway_vpc_attachment",
                    "depends_on": [
                        "aws_subnet.primary",
                        "aws_subnet.secondary",
                        "aws_vpc.vpc_spoke"
                    ],
                    "primary": {
                        "id": "tgw-attach-01ca2249f581a657d",
                        "attributes": {
                            "dns_support": "enable",
                            "id": "tgw-attach-01ca2249f581a657d",
                            "ipv6_support": "disable",
                            "subnet_ids.#": "2",
                            "subnet_ids.777577579": "subnet-0bac7462b9d75221c",
                            "subnet_ids.83115520": "subnet-0c8354adb7f49b294",
                            "tags.%": "1",
                            "tags.Name": "tgw_attachment_spoke_10.2.0.0/16",
                            "transit_gateway_default_route_table_association": "false",
                            "transit_gateway_default_route_table_propagation": "false",
                            "transit_gateway_id": "tgw-0c86a7171d5c55247",
                            "vpc_id": "vpc-0011f39ac73f13b63",
                            "vpc_owner_id": "091098171424"
                        },
                        "meta": {},
                        "tainted": false
                    },
                    "deposed": [],
                    "provider": "provider.aws"
                },
                "aws_instance.web": {
                    "type": "aws_instance",
                    "depends_on": [
                        "aws_security_group.server_sg",
                        "aws_subnet.primary",
                        "data.aws_ami.ubuntu"
                    ],
                    "primary": {
                        "id": "i-001dd92387f34f7eb",
                        "attributes": {
                            "ami": "ami-032eae14ebea64f91",
                            "arn": "arn:aws:ec2:us-east-2:091098171424:instance/i-001dd92387f34f7eb",
                            "associate_public_ip_address": "false",
                            "availability_zone": "us-east-2a",
                            "cpu_core_count": "1",
                            "cpu_threads_per_core": "1",
                            "credit_specification.#": "1",
                            "credit_specification.0.cpu_credits": "standard",
                            "disable_api_termination": "false",
                            "ebs_block_device.#": "0",
                            "ebs_optimized": "false",
                            "ephemeral_block_device.#": "0",
                            "get_password_data": "false",
                            "hibernation": "false",
                            "iam_instance_profile": "",
                            "id": "i-001dd92387f34f7eb",
                            "instance_state": "running",
                            "instance_type": "t2.micro",
                            "ipv6_address_count": "0",
                            "ipv6_addresses.#": "0",
                            "key_name": "AWS-Ohio-Key",
                            "metadata_options.#": "1",
                            "metadata_options.0.http_endpoint": "enabled",
                            "metadata_options.0.http_put_response_hop_limit": "1",
                            "metadata_options.0.http_tokens": "optional",
                            "monitoring": "false",
                            "network_interface.#": "0",
                            "outpost_arn": "",
                            "password_data": "",
                            "placement_group": "",
                            "primary_network_interface_id": "eni-001799be2fcd5d72b",
                            "private_dns": "ip-10-2-1-45.us-east-2.compute.internal",
                            "private_ip": "10.2.1.45",
                            "public_dns": "",
                            "public_ip": "",
                            "root_block_device.#": "1",
                            "root_block_device.0.delete_on_termination": "true",
                            "root_block_device.0.device_name": "/dev/sda1",
                            "root_block_device.0.encrypted": "false",
                            "root_block_device.0.iops": "100",
                            "root_block_device.0.kms_key_id": "",
                            "root_block_device.0.volume_id": "vol-04816a906707cdbbb",
                            "root_block_device.0.volume_size": "8",
                            "root_block_device.0.volume_type": "gp2",
                            "security_groups.#": "0",
                            "source_dest_check": "true",
                            "subnet_id": "subnet-0bac7462b9d75221c",
                            "tags.%": "2",
                            "tags.Environment": "db",
                            "tags.Name": "spoke2-server",
                            "tenancy": "default",
                            "volume_tags.%": "0",
                            "vpc_security_group_ids.#": "1",
                            "vpc_security_group_ids.934996150": "sg-0356076d62f310391"
                        },
                        "meta": {
                            "e2bfb730-ecaa-11e6-8f88-34363bc7c4c0": {
                                "create": 600000000000,
                                "delete": 1200000000000,
                                "update": 600000000000
                            },
                            "schema_version": "1"
                        },
                        "tainted": false
                    },
                    "deposed": [],
                    "provider": "provider.aws"
                },
                "aws_instance.web2": {
                    "type": "aws_instance",
                    "depends_on": [
                        "aws_security_group.server_sg",
                        "aws_subnet.secondary",
                        "data.aws_ami.ubuntu"
                    ],
                    "primary": {
                        "id": "i-097747393f8b84fa6",
                        "attributes": {
                            "ami": "ami-032eae14ebea64f91",
                            "arn": "arn:aws:ec2:us-east-2:091098171424:instance/i-097747393f8b84fa6",
                            "associate_public_ip_address": "false",
                            "availability_zone": "us-east-2b",
                            "cpu_core_count": "1",
                            "cpu_threads_per_core": "1",
                            "credit_specification.#": "1",
                            "credit_specification.0.cpu_credits": "standard",
                            "disable_api_termination": "false",
                            "ebs_block_device.#": "0",
                            "ebs_optimized": "false",
                            "ephemeral_block_device.#": "0",
                            "get_password_data": "false",
                            "hibernation": "false",
                            "iam_instance_profile": "",
                            "id": "i-097747393f8b84fa6",
                            "instance_state": "running",
                            "instance_type": "t2.micro",
                            "ipv6_address_count": "0",
                            "ipv6_addresses.#": "0",
                            "key_name": "AWS-Ohio-Key",
                            "metadata_options.#": "1",
                            "metadata_options.0.http_endpoint": "enabled",
                            "metadata_options.0.http_put_response_hop_limit": "1",
                            "metadata_options.0.http_tokens": "optional",
                            "monitoring": "false",
                            "network_interface.#": "0",
                            "outpost_arn": "",
                            "password_data": "",
                            "placement_group": "",
                            "primary_network_interface_id": "eni-0ab0d50e8fee1aac9",
                            "private_dns": "ip-10-2-2-45.us-east-2.compute.internal",
                            "private_ip": "10.2.2.45",
                            "public_dns": "",
                            "public_ip": "",
                            "root_block_device.#": "1",
                            "root_block_device.0.delete_on_termination": "true",
                            "root_block_device.0.device_name": "/dev/sda1",
                            "root_block_device.0.encrypted": "false",
                            "root_block_device.0.iops": "100",
                            "root_block_device.0.kms_key_id": "",
                            "root_block_device.0.volume_id": "vol-0226ca5aa12f10e1f",
                            "root_block_device.0.volume_size": "8",
                            "root_block_device.0.volume_type": "gp2",
                            "security_groups.#": "0",
                            "source_dest_check": "true",
                            "subnet_id": "subnet-0c8354adb7f49b294",
                            "tags.%": "2",
                            "tags.Environment": "db",
                            "tags.Name": "spoke2-server2",
                            "tenancy": "default",
                            "volume_tags.%": "0",
                            "vpc_security_group_ids.#": "1",
                            "vpc_security_group_ids.934996150": "sg-0356076d62f310391"
                        },
                        "meta": {
                            "e2bfb730-ecaa-11e6-8f88-34363bc7c4c0": {
                                "create": 600000000000,
                                "delete": 1200000000000,
                                "update": 600000000000
                            },
                            "schema_version": "1"
                        },
                        "tainted": false
                    },
                    "deposed": [],
                    "provider": "provider.aws"
                },
                "aws_route.vpc_spoke_route_1": {
                    "type": "aws_route",
                    "depends_on": [
                        "aws_vpc.vpc_spoke"
                    ],
                    "primary": {
                        "id": "r-rtb-0926419c7201f63803423270202",
                        "attributes": {
                            "destination_cidr_block": "10.0.0.0/8",
                            "destination_ipv6_cidr_block": "",
                            "destination_prefix_list_id": "",
                            "egress_only_gateway_id": "",
                            "gateway_id": "",
                            "id": "r-rtb-0926419c7201f63803423270202",
                            "instance_id": "",
                            "instance_owner_id": "",
                            "nat_gateway_id": "",
                            "network_interface_id": "",
                            "origin": "CreateRoute",
                            "route_table_id": "rtb-0926419c7201f6380",
                            "state": "blackhole",
                            "transit_gateway_id": "tgw-0c86a7171d5c55247",
                            "vpc_peering_connection_id": ""
                        },
                        "meta": {
                            "e2bfb730-ecaa-11e6-8f88-34363bc7c4c0": {
                                "create": 120000000000,
                                "delete": 300000000000
                            }
                        },
                        "tainted": false
                    },
                    "deposed": [],
                    "provider": "provider.aws"
                },
                "aws_route.vpc_spoke_route_2": {
                    "type": "aws_route",
                    "depends_on": [
                        "aws_vpc.vpc_spoke"
                    ],
                    "primary": {
                        "id": "r-rtb-0926419c7201f63803901788224",
                        "attributes": {
                            "destination_cidr_block": "192.168.0.0/16",
                            "destination_ipv6_cidr_block": "",
                            "destination_prefix_list_id": "",
                            "egress_only_gateway_id": "",
                            "gateway_id": "",
                            "id": "r-rtb-0926419c7201f63803901788224",
                            "instance_id": "",
                            "instance_owner_id": "",
                            "nat_gateway_id": "",
                            "network_interface_id": "",
                            "origin": "CreateRoute",
                            "route_table_id": "rtb-0926419c7201f6380",
                            "state": "blackhole",
                            "transit_gateway_id": "tgw-0c86a7171d5c55247",
                            "vpc_peering_connection_id": ""
                        },
                        "meta": {
                            "e2bfb730-ecaa-11e6-8f88-34363bc7c4c0": {
                                "create": 120000000000,
                                "delete": 300000000000
                            }
                        },
                        "tainted": false
                    },
                    "deposed": [],
                    "provider": "provider.aws"
                },
                "aws_route.vpc_spoke_route_3": {
                    "type": "aws_route",
                    "depends_on": [
                        "aws_vpc.vpc_spoke"
                    ],
                    "primary": {
                        "id": "r-rtb-0926419c7201f63801080289494",
                        "attributes": {
                            "destination_cidr_block": "0.0.0.0/0",
                            "destination_ipv6_cidr_block": "",
                            "destination_prefix_list_id": "",
                            "egress_only_gateway_id": "",
                            "gateway_id": "",
                            "id": "r-rtb-0926419c7201f63801080289494",
                            "instance_id": "",
                            "instance_owner_id": "",
                            "nat_gateway_id": "",
                            "network_interface_id": "",
                            "origin": "CreateRoute",
                            "route_table_id": "rtb-0926419c7201f6380",
                            "state": "blackhole",
                            "transit_gateway_id": "tgw-0c86a7171d5c55247",
                            "vpc_peering_connection_id": ""
                        },
                        "meta": {
                            "e2bfb730-ecaa-11e6-8f88-34363bc7c4c0": {
                                "create": 120000000000,
                                "delete": 300000000000
                            }
                        },
                        "tainted": false
                    },
                    "deposed": [],
                    "provider": "provider.aws"
                },
                "aws_security_group.server_sg": {
                    "type": "aws_security_group",
                    "depends_on": [
                        "aws_vpc.vpc_spoke"
                    ],
                    "primary": {
                        "id": "sg-0356076d62f310391",
                        "attributes": {
                            "arn": "arn:aws:ec2:us-east-2:091098171424:security-group/sg-0356076d62f310391",
                            "description": "Allow select inbound traffic",
                            "egress.#": "0",
                            "id": "sg-0356076d62f310391",
                            "ingress.#": "0",
                            "name": "server_sg",
                            "owner_id": "091098171424",
                            "revoke_rules_on_delete": "false",
                            "tags.%": "0",
                            "vpc_id": "vpc-0011f39ac73f13b63"
                        },
                        "meta": {
                            "e2bfb730-ecaa-11e6-8f88-34363bc7c4c0": {
                                "create": 600000000000,
                                "delete": 600000000000
                            },
                            "schema_version": "1"
                        },
                        "tainted": false
                    },
                    "deposed": [],
                    "provider": "provider.aws"
                },
                "aws_security_group_rule.allow_server_sg_egress": {
                    "type": "aws_security_group_rule",
                    "depends_on": [
                        "aws_security_group.server_sg"
                    ],
                    "primary": {
                        "id": "sgrule-4176355727",
                        "attributes": {
                            "cidr_blocks.#": "1",
                            "cidr_blocks.0": "0.0.0.0/0",
                            "from_port": "0",
                            "id": "sgrule-4176355727",
                            "protocol": "-1",
                            "security_group_id": "sg-0356076d62f310391",
                            "self": "false",
                            "to_port": "0",
                            "type": "egress"
                        },
                        "meta": {
                            "schema_version": "2"
                        },
                        "tainted": false
                    },
                    "deposed": [],
                    "provider": "provider.aws"
                },
                "aws_security_group_rule.allow_server_sg_ingress": {
                    "type": "aws_security_group_rule",
                    "depends_on": [
                        "aws_security_group.server_sg"
                    ],
                    "primary": {
                        "id": "sgrule-2139380295",
                        "attributes": {
                            "cidr_blocks.#": "2",
                            "cidr_blocks.0": "10.0.0.0/8",
                            "cidr_blocks.1": "192.168.0.0/16",
                            "from_port": "0",
                            "id": "sgrule-2139380295",
                            "protocol": "-1",
                            "security_group_id": "sg-0356076d62f310391",
                            "self": "false",
                            "to_port": "0",
                            "type": "ingress"
                        },
                        "meta": {
                            "schema_version": "2"
                        },
                        "tainted": false
                    },
                    "deposed": [],
                    "provider": "provider.aws"
                },
                "aws_subnet.primary": {
                    "type": "aws_subnet",
                    "depends_on": [
                        "aws_vpc.vpc_spoke",
                        "data.aws_availability_zones.available"
                    ],
                    "primary": {
                        "id": "subnet-0bac7462b9d75221c",
                        "attributes": {
                            "arn": "arn:aws:ec2:us-east-2:091098171424:subnet/subnet-0bac7462b9d75221c",
                            "assign_ipv6_address_on_creation": "false",
                            "availability_zone": "us-east-2a",
                            "availability_zone_id": "use2-az1",
                            "cidr_block": "10.2.1.0/24",
                            "id": "subnet-0bac7462b9d75221c",
                            "ipv6_cidr_block": "",
                            "ipv6_cidr_block_association_id": "",
                            "map_public_ip_on_launch": "false",
                            "outpost_arn": "",
                            "owner_id": "091098171424",
                            "tags.%": "1",
                            "tags.Name": "vpc_spokeA_10.2.1.0/24",
                            "vpc_id": "vpc-0011f39ac73f13b63"
                        },
                        "meta": {
                            "e2bfb730-ecaa-11e6-8f88-34363bc7c4c0": {
                                "create": 600000000000,
                                "delete": 1200000000000
                            },
                            "schema_version": "1"
                        },
                        "tainted": false
                    },
                    "deposed": [],
                    "provider": "provider.aws"
                },
                "aws_subnet.secondary": {
                    "type": "aws_subnet",
                    "depends_on": [
                        "aws_vpc.vpc_spoke",
                        "data.aws_availability_zones.available"
                    ],
                    "primary": {
                        "id": "subnet-0c8354adb7f49b294",
                        "attributes": {
                            "arn": "arn:aws:ec2:us-east-2:091098171424:subnet/subnet-0c8354adb7f49b294",
                            "assign_ipv6_address_on_creation": "false",
                            "availability_zone": "us-east-2b",
                            "availability_zone_id": "use2-az2",
                            "cidr_block": "10.2.2.0/24",
                            "id": "subnet-0c8354adb7f49b294",
                            "ipv6_cidr_block": "",
                            "ipv6_cidr_block_association_id": "",
                            "map_public_ip_on_launch": "false",
                            "outpost_arn": "",
                            "owner_id": "091098171424",
                            "tags.%": "1",
                            "tags.Name": "vpc_spokeB_10.2.2.0/24",
                            "vpc_id": "vpc-0011f39ac73f13b63"
                        },
                        "meta": {
                            "e2bfb730-ecaa-11e6-8f88-34363bc7c4c0": {
                                "create": 600000000000,
                                "delete": 1200000000000
                            },
                            "schema_version": "1"
                        },
                        "tainted": false
                    },
                    "deposed": [],
                    "provider": "provider.aws"
                },
                "aws_vpc.vpc_spoke": {
                    "type": "aws_vpc",
                    "depends_on": [],
                    "primary": {
                        "id": "vpc-0011f39ac73f13b63",
                        "attributes": {
                            "arn": "arn:aws:ec2:us-east-2:091098171424:vpc/vpc-0011f39ac73f13b63",
                            "assign_generated_ipv6_cidr_block": "false",
                            "cidr_block": "10.2.0.0/16",
                            "default_network_acl_id": "acl-0e4cc6108d6f9487a",
                            "default_route_table_id": "rtb-0926419c7201f6380",
                            "default_security_group_id": "sg-046df962d50022f85",
                            "dhcp_options_id": "dopt-6e996b07",
                            "enable_dns_hostnames": "false",
                            "enable_dns_support": "true",
                            "id": "vpc-0011f39ac73f13b63",
                            "instance_tenancy": "default",
                            "ipv6_association_id": "",
                            "ipv6_cidr_block": "",
                            "main_route_table_id": "rtb-0926419c7201f6380",
                            "owner_id": "091098171424",
                            "tags.%": "1",
                            "tags.Name": "vpc_spoke_10.2.0.0/16"
                        },
                        "meta": {
                            "schema_version": "1"
                        },
                        "tainted": false
                    },
                    "deposed": [],
                    "provider": "provider.aws"
                },
                "data.aws_ami.ubuntu": {
                    "type": "aws_ami",
                    "depends_on": [],
                    "primary": {
                        "id": "ami-032eae14ebea64f91",
                        "attributes": {
                            "architecture": "x86_64",
                            "arn": "arn:aws:ec2:us-east-2::image/ami-032eae14ebea64f91",
                            "block_device_mappings.#": "3",
                            "block_device_mappings.1634610537.device_name": "/dev/sdb",
                            "block_device_mappings.1634610537.ebs.%": "0",
                            "block_device_mappings.1634610537.no_device": "",
                            "block_device_mappings.1634610537.virtual_name": "ephemeral0",
                            "block_device_mappings.2547816212.device_name": "/dev/sda1",
                            "block_device_mappings.2547816212.ebs.%": "6",
                            "block_device_mappings.2547816212.ebs.delete_on_termination": "true",
                            "block_device_mappings.2547816212.ebs.encrypted": "false",
                            "block_device_mappings.2547816212.ebs.iops": "0",
                            "block_device_mappings.2547816212.ebs.snapshot_id": "snap-010e9ba48d0bf863d",
                            "block_device_mappings.2547816212.ebs.volume_size": "8",
                            "block_device_mappings.2547816212.ebs.volume_type": "gp2",
                            "block_device_mappings.2547816212.no_device": "",
                            "block_device_mappings.2547816212.virtual_name": "",
                            "block_device_mappings.3850042718.device_name": "/dev/sdc",
                            "block_device_mappings.3850042718.ebs.%": "0",
                            "block_device_mappings.3850042718.no_device": "",
                            "block_device_mappings.3850042718.virtual_name": "ephemeral1",
                            "creation_date": "2019-11-11T18:30:38.000Z",
                            "description": "Canonical, Ubuntu, 14.04 LTS, amd64 trusty image build on 2019-11-07",
                            "filter.#": "2",
                            "filter.4182425345.name": "name",
                            "filter.4182425345.values.#": "1",
                            "filter.4182425345.values.0": "ubuntu/images/hvm-ssd/ubuntu-trusty-14.04-amd64-server-*",
                            "filter.490168357.name": "virtualization-type",
                            "filter.490168357.values.#": "1",
                            "filter.490168357.values.0": "hvm",
                            "hypervisor": "xen",
                            "id": "ami-032eae14ebea64f91",
                            "image_id": "ami-032eae14ebea64f91",
                            "image_location": "099720109477/ubuntu/images/hvm-ssd/ubuntu-trusty-14.04-amd64-server-20191107",
                            "image_type": "machine",
                            "most_recent": "true",
                            "name": "ubuntu/images/hvm-ssd/ubuntu-trusty-14.04-amd64-server-20191107",
                            "owner_id": "099720109477",
                            "owners.#": "1",
                            "owners.0": "099720109477",
                            "product_codes.#": "0",
                            "public": "true",
                            "root_device_name": "/dev/sda1",
                            "root_device_type": "ebs",
                            "root_snapshot_id": "snap-010e9ba48d0bf863d",
                            "sriov_net_support": "simple",
                            "state": "available",
                            "state_reason.%": "2",
                            "state_reason.code": "UNSET",
                            "state_reason.message": "UNSET",
                            "tags.%": "0",
                            "virtualization_type": "hvm"
                        },
                        "meta": {},
                        "tainted": false
                    },
                    "deposed": [],
                    "provider": "provider.aws"
                },
                "data.aws_availability_zones.available": {
                    "type": "aws_availability_zones",
                    "depends_on": [],
                    "primary": {
                        "id": "2020-08-25 20:47:05.060972 +0000 UTC",
                        "attributes": {
                            "group_names.#": "1",
                            "group_names.1951454386": "us-east-2",
                            "id": "2020-08-25 20:47:05.060972 +0000 UTC",
                            "names.#": "3",
                            "names.0": "us-east-2a",
                            "names.1": "us-east-2b",
                            "names.2": "us-east-2c",
                            "zone_ids.#": "3",
                            "zone_ids.0": "use2-az1",
                            "zone_ids.1": "use2-az2",
                            "zone_ids.2": "use2-az3"
                        },
                        "meta": {},
                        "tainted": false
                    },
                    "deposed": [],
                    "provider": "provider.aws"
                }
            },
            "depends_on": []
        }
    ]
}
